
Microsoft Visual Studio Solution File, Format Version 12.00
# Visual Studio 15
VisualStudioVersion = 15.0.26124.0
MinimumVisualStudioVersion = 15.0.26124.0
Project("{2150E333-8FDC-42A3-9474-1A3956D46DE8}") = "src", "src", "{921AC21E-2569-49FC-8196-974BB4C31281}"
EndProject
Project("{2150E333-8FDC-42A3-9474-1A3956D46DE8}") = "samples", "samples", "{E11E0D08-FBA0-4348-808C-ABB7B8335427}"
EndProject
Project("{2150E333-8FDC-42A3-9474-1A3956D46DE8}") = "tests", "tests", "{50586A5F-8F0B-4EFD-A5A1-34F1376AA275}"
EndProject
Project("{FAE04EC0-301F-11D3-BF4B-00C04F79EFBC}") = "UdpToolkit.Integration.Tests", "tests\UdpToolkit.Integration.Tests\UdpToolkit.Integration.Tests.csproj", "{607F1DF5-EB31-4DBB-A37E-E56196AA46FD}"
EndProject
Project("{2150E333-8FDC-42A3-9474-1A3956D46DE8}") = "ReliableUdp", "ReliableUdp", "{1B044EFE-AC19-43A4-BE34-94DE37B2A503}"
EndProject
Project("{2150E333-8FDC-42A3-9474-1A3956D46DE8}") = "shared", "shared", "{6B28C1A6-ED9F-48F5-8C9B-BD23CC973813}"
EndProject
Project("{FAE04EC0-301F-11D3-BF4B-00C04F79EFBC}") = "UdpToolkit.Core", "src\shared\UdpToolkit.Core\UdpToolkit.Core.csproj", "{9C59C12C-ED7A-4A14-A948-4AA7FB1F11B8}"
EndProject
Project("{FAE04EC0-301F-11D3-BF4B-00C04F79EFBC}") = "UdpToolkit.Network", "src\shared\UdpToolkit.Network\UdpToolkit.Network.csproj", "{ECC2F69A-4653-46E0-91B1-09687F7E73F5}"
EndProject
Project("{FAE04EC0-301F-11D3-BF4B-00C04F79EFBC}") = "UdpToolkit.Serialization.MsgPack", "src\shared\UdpToolkit.Serialization.MsgPack\UdpToolkit.Serialization.MsgPack.csproj", "{335CB2BC-853E-4C32-8CEB-855953EFA68A}"
EndProject
Project("{2150E333-8FDC-42A3-9474-1A3956D46DE8}") = "benchmarks", "benchmarks", "{C574AD1E-EB61-4651-8804-9DC2D3B2E29D}"
EndProject
Project("{FAE04EC0-301F-11D3-BF4B-00C04F79EFBC}") = "UdpToolkit.Benchmarks", "benchmarks\UdpToolkit.Benchmarks\UdpToolkit.Benchmarks.csproj", "{159065D5-3A44-4FE2-A05B-03E32D93A3F3}"
EndProject
Project("{2150E333-8FDC-42A3-9474-1A3956D46DE8}") = "P2P", "P2P", "{32F6BD6A-5F91-4270-AF4F-4827F7A453A3}"
EndProject
Project("{FAE04EC0-301F-11D3-BF4B-00C04F79EFBC}") = "UdpToolkit.Network.Tests", "tests\UdpToolkit.Network.Tests\UdpToolkit.Network.Tests.csproj", "{A24310B7-3E1F-4E17-86F6-AD6DA80623C2}"
EndProject
Project("{FAE04EC0-301F-11D3-BF4B-00C04F79EFBC}") = "UdpToolkit", "src\shared\UdpToolkit\UdpToolkit.csproj", "{EE20DAF3-3EE6-4A79-BE1A-024D0322771E}"
EndProject
Project("{FAE04EC0-301F-11D3-BF4B-00C04F79EFBC}") = "UdpToolkit.Serialization", "src\shared\UdpToolkit.Serialization\UdpToolkit.Serialization.csproj", "{599B1EAB-D153-49DE-BA81-99E5223240B3}"
EndProject
Project("{2150E333-8FDC-42A3-9474-1A3956D46DE8}") = "Sequenced", "Sequenced", "{77CE7254-A245-47A3-9278-9176B630F210}"
EndProject
Project("{FAE04EC0-301F-11D3-BF4B-00C04F79EFBC}") = "ReliableUdp.Client.A", "samples\ReliableUdp\ReliableUdp.Client.A\ReliableUdp.Client.A.csproj", "{373AE683-2B77-432C-8BAA-77505D0CB960}"
EndProject
Project("{FAE04EC0-301F-11D3-BF4B-00C04F79EFBC}") = "ReliableUdp.Client.B", "samples\ReliableUdp\ReliableUdp.Client.B\ReliableUdp.Client.B.csproj", "{182F86FA-82FA-469E-8E51-26F407B5ACC8}"
EndProject
Project("{FAE04EC0-301F-11D3-BF4B-00C04F79EFBC}") = "ReliableUdp.Contracts", "samples\ReliableUdp\ReliableUdp.Contracts\ReliableUdp.Contracts.csproj", "{AE746CAB-5901-4269-B58B-25403F220E48}"
EndProject
Project("{FAE04EC0-301F-11D3-BF4B-00C04F79EFBC}") = "ReliableUdp.Server", "samples\ReliableUdp\ReliableUdp.Server\ReliableUdp.Server.csproj", "{94345B28-78D6-486B-9CE6-53A58BF5D608}"
EndProject
Project("{FAE04EC0-301F-11D3-BF4B-00C04F79EFBC}") = "Sequenced.Client.B", "samples\Sequenced\Sequenced.Client.B\Sequenced.Client.B.csproj", "{C047AFB3-7661-4CA6-8EA3-9BB1763124D0}"
EndProject
Project("{FAE04EC0-301F-11D3-BF4B-00C04F79EFBC}") = "Sequenced.Client.A", "samples\Sequenced\Sequenced.Client.A\Sequenced.Client.A.csproj", "{05114E43-2047-4639-8829-D8B244FFAEC3}"
EndProject
Project("{FAE04EC0-301F-11D3-BF4B-00C04F79EFBC}") = "Sequenced.Contracts", "samples\Sequenced\Sequenced.Contracts\Sequenced.Contracts.csproj", "{E1DCC3EA-5769-4EB3-9273-3EAEF9CA823A}"
EndProject
Project("{FAE04EC0-301F-11D3-BF4B-00C04F79EFBC}") = "Sequenced.Server", "samples\Sequenced\Sequenced.Server\Sequenced.Server.csproj", "{C44E4F00-3478-4D8A-9B29-9D40C4235011}"
EndProject
Project("{FAE04EC0-301F-11D3-BF4B-00C04F79EFBC}") = "P2P.Client.A", "samples\P2P\P2P.Client.A\P2P.Client.A.csproj", "{E05A6A0E-125A-4441-92C6-AFC174D4F106}"
EndProject
Project("{FAE04EC0-301F-11D3-BF4B-00C04F79EFBC}") = "P2P.Contracts", "samples\P2P\P2P.Contracts\P2P.Contracts.csproj", "{A0D37054-2969-4288-A4C1-12761286A5F8}"
EndProject
Project("{FAE04EC0-301F-11D3-BF4B-00C04F79EFBC}") = "P2P.Server", "samples\P2P\P2P.Server\P2P.Server.csproj", "{8F586086-106A-4AE4-8052-9CB16797577D}"
EndProject
Project("{FAE04EC0-301F-11D3-BF4B-00C04F79EFBC}") = "P2P.Client.B", "samples\P2P\P2P.Client.B\P2P.Client.B.csproj", "{BBE93EB7-A062-4833-A919-3535BD7BE228}"
EndProject
Project("{FAE04EC0-301F-11D3-BF4B-00C04F79EFBC}") = "UdpToolkit.Logging", "src\shared\UdpToolkit.Logging\UdpToolkit.Logging.csproj", "{2C650D9A-7745-407A-A0B1-788C2874CC16}"
EndProject
Project("{FAE04EC0-301F-11D3-BF4B-00C04F79EFBC}") = "UdpToolkit.Logging.Serilog", "src\shared\UdpToolkit.Logging.Serilog\UdpToolkit.Logging.Serilog.csproj", "{C08CA859-4937-4BF0-BECD-265DC0B57364}"
EndProject
Global
	GlobalSection(SolutionConfigurationPlatforms) = preSolution
		Debug|Any CPU = Debug|Any CPU
		Debug|x64 = Debug|x64
		Debug|x86 = Debug|x86
		Release|Any CPU = Release|Any CPU
		Release|x64 = Release|x64
		Release|x86 = Release|x86
	EndGlobalSection
	GlobalSection(SolutionProperties) = preSolution
		HideSolutionNode = FALSE
	EndGlobalSection
	GlobalSection(ProjectConfigurationPlatforms) = postSolution
		{607F1DF5-EB31-4DBB-A37E-E56196AA46FD}.Debug|Any CPU.ActiveCfg = Debug|Any CPU
		{607F1DF5-EB31-4DBB-A37E-E56196AA46FD}.Debug|Any CPU.Build.0 = Debug|Any CPU
		{607F1DF5-EB31-4DBB-A37E-E56196AA46FD}.Debug|x64.ActiveCfg = Debug|Any CPU
		{607F1DF5-EB31-4DBB-A37E-E56196AA46FD}.Debug|x64.Build.0 = Debug|Any CPU
		{607F1DF5-EB31-4DBB-A37E-E56196AA46FD}.Debug|x86.ActiveCfg = Debug|Any CPU
		{607F1DF5-EB31-4DBB-A37E-E56196AA46FD}.Debug|x86.Build.0 = Debug|Any CPU
		{607F1DF5-EB31-4DBB-A37E-E56196AA46FD}.Release|Any CPU.ActiveCfg = Release|Any CPU
		{607F1DF5-EB31-4DBB-A37E-E56196AA46FD}.Release|Any CPU.Build.0 = Release|Any CPU
		{607F1DF5-EB31-4DBB-A37E-E56196AA46FD}.Release|x64.ActiveCfg = Release|Any CPU
		{607F1DF5-EB31-4DBB-A37E-E56196AA46FD}.Release|x64.Build.0 = Release|Any CPU
		{607F1DF5-EB31-4DBB-A37E-E56196AA46FD}.Release|x86.ActiveCfg = Release|Any CPU
		{607F1DF5-EB31-4DBB-A37E-E56196AA46FD}.Release|x86.Build.0 = Release|Any CPU
		{9C59C12C-ED7A-4A14-A948-4AA7FB1F11B8}.Debug|Any CPU.ActiveCfg = Debug|Any CPU
		{9C59C12C-ED7A-4A14-A948-4AA7FB1F11B8}.Debug|Any CPU.Build.0 = Debug|Any CPU
		{9C59C12C-ED7A-4A14-A948-4AA7FB1F11B8}.Debug|x64.ActiveCfg = Debug|Any CPU
		{9C59C12C-ED7A-4A14-A948-4AA7FB1F11B8}.Debug|x64.Build.0 = Debug|Any CPU
		{9C59C12C-ED7A-4A14-A948-4AA7FB1F11B8}.Debug|x86.ActiveCfg = Debug|Any CPU
		{9C59C12C-ED7A-4A14-A948-4AA7FB1F11B8}.Debug|x86.Build.0 = Debug|Any CPU
		{9C59C12C-ED7A-4A14-A948-4AA7FB1F11B8}.Release|Any CPU.ActiveCfg = Release|Any CPU
		{9C59C12C-ED7A-4A14-A948-4AA7FB1F11B8}.Release|Any CPU.Build.0 = Release|Any CPU
		{9C59C12C-ED7A-4A14-A948-4AA7FB1F11B8}.Release|x64.ActiveCfg = Release|Any CPU
		{9C59C12C-ED7A-4A14-A948-4AA7FB1F11B8}.Release|x64.Build.0 = Release|Any CPU
		{9C59C12C-ED7A-4A14-A948-4AA7FB1F11B8}.Release|x86.ActiveCfg = Release|Any CPU
		{9C59C12C-ED7A-4A14-A948-4AA7FB1F11B8}.Release|x86.Build.0 = Release|Any CPU
		{ECC2F69A-4653-46E0-91B1-09687F7E73F5}.Debug|Any CPU.ActiveCfg = Debug|Any CPU
		{ECC2F69A-4653-46E0-91B1-09687F7E73F5}.Debug|Any CPU.Build.0 = Debug|Any CPU
		{ECC2F69A-4653-46E0-91B1-09687F7E73F5}.Debug|x64.ActiveCfg = Debug|Any CPU
		{ECC2F69A-4653-46E0-91B1-09687F7E73F5}.Debug|x64.Build.0 = Debug|Any CPU
		{ECC2F69A-4653-46E0-91B1-09687F7E73F5}.Debug|x86.ActiveCfg = Debug|Any CPU
		{ECC2F69A-4653-46E0-91B1-09687F7E73F5}.Debug|x86.Build.0 = Debug|Any CPU
		{ECC2F69A-4653-46E0-91B1-09687F7E73F5}.Release|Any CPU.ActiveCfg = Release|Any CPU
		{ECC2F69A-4653-46E0-91B1-09687F7E73F5}.Release|Any CPU.Build.0 = Release|Any CPU
		{ECC2F69A-4653-46E0-91B1-09687F7E73F5}.Release|x64.ActiveCfg = Release|Any CPU
		{ECC2F69A-4653-46E0-91B1-09687F7E73F5}.Release|x64.Build.0 = Release|Any CPU
		{ECC2F69A-4653-46E0-91B1-09687F7E73F5}.Release|x86.ActiveCfg = Release|Any CPU
		{ECC2F69A-4653-46E0-91B1-09687F7E73F5}.Release|x86.Build.0 = Release|Any CPU
		{335CB2BC-853E-4C32-8CEB-855953EFA68A}.Debug|Any CPU.ActiveCfg = Debug|Any CPU
		{335CB2BC-853E-4C32-8CEB-855953EFA68A}.Debug|Any CPU.Build.0 = Debug|Any CPU
		{335CB2BC-853E-4C32-8CEB-855953EFA68A}.Debug|x64.ActiveCfg = Debug|Any CPU
		{335CB2BC-853E-4C32-8CEB-855953EFA68A}.Debug|x64.Build.0 = Debug|Any CPU
		{335CB2BC-853E-4C32-8CEB-855953EFA68A}.Debug|x86.ActiveCfg = Debug|Any CPU
		{335CB2BC-853E-4C32-8CEB-855953EFA68A}.Debug|x86.Build.0 = Debug|Any CPU
		{335CB2BC-853E-4C32-8CEB-855953EFA68A}.Release|Any CPU.ActiveCfg = Release|Any CPU
		{335CB2BC-853E-4C32-8CEB-855953EFA68A}.Release|Any CPU.Build.0 = Release|Any CPU
		{335CB2BC-853E-4C32-8CEB-855953EFA68A}.Release|x64.ActiveCfg = Release|Any CPU
		{335CB2BC-853E-4C32-8CEB-855953EFA68A}.Release|x64.Build.0 = Release|Any CPU
		{335CB2BC-853E-4C32-8CEB-855953EFA68A}.Release|x86.ActiveCfg = Release|Any CPU
		{335CB2BC-853E-4C32-8CEB-855953EFA68A}.Release|x86.Build.0 = Release|Any CPU
		{159065D5-3A44-4FE2-A05B-03E32D93A3F3}.Debug|Any CPU.ActiveCfg = Debug|Any CPU
		{159065D5-3A44-4FE2-A05B-03E32D93A3F3}.Debug|Any CPU.Build.0 = Debug|Any CPU
		{159065D5-3A44-4FE2-A05B-03E32D93A3F3}.Debug|x64.ActiveCfg = Debug|Any CPU
		{159065D5-3A44-4FE2-A05B-03E32D93A3F3}.Debug|x64.Build.0 = Debug|Any CPU
		{159065D5-3A44-4FE2-A05B-03E32D93A3F3}.Debug|x86.ActiveCfg = Debug|Any CPU
		{159065D5-3A44-4FE2-A05B-03E32D93A3F3}.Debug|x86.Build.0 = Debug|Any CPU
		{159065D5-3A44-4FE2-A05B-03E32D93A3F3}.Release|Any CPU.ActiveCfg = Release|Any CPU
		{159065D5-3A44-4FE2-A05B-03E32D93A3F3}.Release|Any CPU.Build.0 = Release|Any CPU
		{159065D5-3A44-4FE2-A05B-03E32D93A3F3}.Release|x64.ActiveCfg = Release|Any CPU
		{159065D5-3A44-4FE2-A05B-03E32D93A3F3}.Release|x64.Build.0 = Release|Any CPU
		{159065D5-3A44-4FE2-A05B-03E32D93A3F3}.Release|x86.ActiveCfg = Release|Any CPU
		{159065D5-3A44-4FE2-A05B-03E32D93A3F3}.Release|x86.Build.0 = Release|Any CPU
		{A24310B7-3E1F-4E17-86F6-AD6DA80623C2}.Debug|Any CPU.ActiveCfg = Debug|Any CPU
		{A24310B7-3E1F-4E17-86F6-AD6DA80623C2}.Debug|Any CPU.Build.0 = Debug|Any CPU
		{A24310B7-3E1F-4E17-86F6-AD6DA80623C2}.Debug|x64.ActiveCfg = Debug|Any CPU
		{A24310B7-3E1F-4E17-86F6-AD6DA80623C2}.Debug|x64.Build.0 = Debug|Any CPU
		{A24310B7-3E1F-4E17-86F6-AD6DA80623C2}.Debug|x86.ActiveCfg = Debug|Any CPU
		{A24310B7-3E1F-4E17-86F6-AD6DA80623C2}.Debug|x86.Build.0 = Debug|Any CPU
		{A24310B7-3E1F-4E17-86F6-AD6DA80623C2}.Release|Any CPU.ActiveCfg = Release|Any CPU
		{A24310B7-3E1F-4E17-86F6-AD6DA80623C2}.Release|Any CPU.Build.0 = Release|Any CPU
		{A24310B7-3E1F-4E17-86F6-AD6DA80623C2}.Release|x64.ActiveCfg = Release|Any CPU
		{A24310B7-3E1F-4E17-86F6-AD6DA80623C2}.Release|x64.Build.0 = Release|Any CPU
		{A24310B7-3E1F-4E17-86F6-AD6DA80623C2}.Release|x86.ActiveCfg = Release|Any CPU
		{A24310B7-3E1F-4E17-86F6-AD6DA80623C2}.Release|x86.Build.0 = Release|Any CPU
		{EE20DAF3-3EE6-4A79-BE1A-024D0322771E}.Debug|Any CPU.ActiveCfg = Debug|Any CPU
		{EE20DAF3-3EE6-4A79-BE1A-024D0322771E}.Debug|Any CPU.Build.0 = Debug|Any CPU
		{EE20DAF3-3EE6-4A79-BE1A-024D0322771E}.Debug|x64.ActiveCfg = Debug|Any CPU
		{EE20DAF3-3EE6-4A79-BE1A-024D0322771E}.Debug|x64.Build.0 = Debug|Any CPU
		{EE20DAF3-3EE6-4A79-BE1A-024D0322771E}.Debug|x86.ActiveCfg = Debug|Any CPU
		{EE20DAF3-3EE6-4A79-BE1A-024D0322771E}.Debug|x86.Build.0 = Debug|Any CPU
		{EE20DAF3-3EE6-4A79-BE1A-024D0322771E}.Release|Any CPU.ActiveCfg = Release|Any CPU
		{EE20DAF3-3EE6-4A79-BE1A-024D0322771E}.Release|Any CPU.Build.0 = Release|Any CPU
		{EE20DAF3-3EE6-4A79-BE1A-024D0322771E}.Release|x64.ActiveCfg = Release|Any CPU
		{EE20DAF3-3EE6-4A79-BE1A-024D0322771E}.Release|x64.Build.0 = Release|Any CPU
		{EE20DAF3-3EE6-4A79-BE1A-024D0322771E}.Release|x86.ActiveCfg = Release|Any CPU
		{EE20DAF3-3EE6-4A79-BE1A-024D0322771E}.Release|x86.Build.0 = Release|Any CPU
		{599B1EAB-D153-49DE-BA81-99E5223240B3}.Debug|Any CPU.ActiveCfg = Debug|Any CPU
		{599B1EAB-D153-49DE-BA81-99E5223240B3}.Debug|Any CPU.Build.0 = Debug|Any CPU
		{599B1EAB-D153-49DE-BA81-99E5223240B3}.Debug|x64.ActiveCfg = Debug|Any CPU
		{599B1EAB-D153-49DE-BA81-99E5223240B3}.Debug|x64.Build.0 = Debug|Any CPU
		{599B1EAB-D153-49DE-BA81-99E5223240B3}.Debug|x86.ActiveCfg = Debug|Any CPU
		{599B1EAB-D153-49DE-BA81-99E5223240B3}.Debug|x86.Build.0 = Debug|Any CPU
		{599B1EAB-D153-49DE-BA81-99E5223240B3}.Release|Any CPU.ActiveCfg = Release|Any CPU
		{599B1EAB-D153-49DE-BA81-99E5223240B3}.Release|Any CPU.Build.0 = Release|Any CPU
		{599B1EAB-D153-49DE-BA81-99E5223240B3}.Release|x64.ActiveCfg = Release|Any CPU
		{599B1EAB-D153-49DE-BA81-99E5223240B3}.Release|x64.Build.0 = Release|Any CPU
		{599B1EAB-D153-49DE-BA81-99E5223240B3}.Release|x86.ActiveCfg = Release|Any CPU
		{599B1EAB-D153-49DE-BA81-99E5223240B3}.Release|x86.Build.0 = Release|Any CPU
		{373AE683-2B77-432C-8BAA-77505D0CB960}.Debug|Any CPU.ActiveCfg = Debug|Any CPU
		{373AE683-2B77-432C-8BAA-77505D0CB960}.Debug|Any CPU.Build.0 = Debug|Any CPU
		{373AE683-2B77-432C-8BAA-77505D0CB960}.Debug|x64.ActiveCfg = Debug|Any CPU
		{373AE683-2B77-432C-8BAA-77505D0CB960}.Debug|x64.Build.0 = Debug|Any CPU
		{373AE683-2B77-432C-8BAA-77505D0CB960}.Debug|x86.ActiveCfg = Debug|Any CPU
		{373AE683-2B77-432C-8BAA-77505D0CB960}.Debug|x86.Build.0 = Debug|Any CPU
		{373AE683-2B77-432C-8BAA-77505D0CB960}.Release|Any CPU.ActiveCfg = Release|Any CPU
		{373AE683-2B77-432C-8BAA-77505D0CB960}.Release|Any CPU.Build.0 = Release|Any CPU
		{373AE683-2B77-432C-8BAA-77505D0CB960}.Release|x64.ActiveCfg = Release|Any CPU
		{373AE683-2B77-432C-8BAA-77505D0CB960}.Release|x64.Build.0 = Release|Any CPU
		{373AE683-2B77-432C-8BAA-77505D0CB960}.Release|x86.ActiveCfg = Release|Any CPU
		{373AE683-2B77-432C-8BAA-77505D0CB960}.Release|x86.Build.0 = Release|Any CPU
		{182F86FA-82FA-469E-8E51-26F407B5ACC8}.Debug|Any CPU.ActiveCfg = Debug|Any CPU
		{182F86FA-82FA-469E-8E51-26F407B5ACC8}.Debug|Any CPU.Build.0 = Debug|Any CPU
		{182F86FA-82FA-469E-8E51-26F407B5ACC8}.Debug|x64.ActiveCfg = Debug|Any CPU
		{182F86FA-82FA-469E-8E51-26F407B5ACC8}.Debug|x64.Build.0 = Debug|Any CPU
		{182F86FA-82FA-469E-8E51-26F407B5ACC8}.Debug|x86.ActiveCfg = Debug|Any CPU
		{182F86FA-82FA-469E-8E51-26F407B5ACC8}.Debug|x86.Build.0 = Debug|Any CPU
		{182F86FA-82FA-469E-8E51-26F407B5ACC8}.Release|Any CPU.ActiveCfg = Release|Any CPU
		{182F86FA-82FA-469E-8E51-26F407B5ACC8}.Release|Any CPU.Build.0 = Release|Any CPU
		{182F86FA-82FA-469E-8E51-26F407B5ACC8}.Release|x64.ActiveCfg = Release|Any CPU
		{182F86FA-82FA-469E-8E51-26F407B5ACC8}.Release|x64.Build.0 = Release|Any CPU
		{182F86FA-82FA-469E-8E51-26F407B5ACC8}.Release|x86.ActiveCfg = Release|Any CPU
		{182F86FA-82FA-469E-8E51-26F407B5ACC8}.Release|x86.Build.0 = Release|Any CPU
		{AE746CAB-5901-4269-B58B-25403F220E48}.Debug|Any CPU.ActiveCfg = Debug|Any CPU
		{AE746CAB-5901-4269-B58B-25403F220E48}.Debug|Any CPU.Build.0 = Debug|Any CPU
		{AE746CAB-5901-4269-B58B-25403F220E48}.Debug|x64.ActiveCfg = Debug|Any CPU
		{AE746CAB-5901-4269-B58B-25403F220E48}.Debug|x64.Build.0 = Debug|Any CPU
		{AE746CAB-5901-4269-B58B-25403F220E48}.Debug|x86.ActiveCfg = Debug|Any CPU
		{AE746CAB-5901-4269-B58B-25403F220E48}.Debug|x86.Build.0 = Debug|Any CPU
		{AE746CAB-5901-4269-B58B-25403F220E48}.Release|Any CPU.ActiveCfg = Release|Any CPU
		{AE746CAB-5901-4269-B58B-25403F220E48}.Release|Any CPU.Build.0 = Release|Any CPU
		{AE746CAB-5901-4269-B58B-25403F220E48}.Release|x64.ActiveCfg = Release|Any CPU
		{AE746CAB-5901-4269-B58B-25403F220E48}.Release|x64.Build.0 = Release|Any CPU
		{AE746CAB-5901-4269-B58B-25403F220E48}.Release|x86.ActiveCfg = Release|Any CPU
		{AE746CAB-5901-4269-B58B-25403F220E48}.Release|x86.Build.0 = Release|Any CPU
		{94345B28-78D6-486B-9CE6-53A58BF5D608}.Debug|Any CPU.ActiveCfg = Debug|Any CPU
		{94345B28-78D6-486B-9CE6-53A58BF5D608}.Debug|Any CPU.Build.0 = Debug|Any CPU
		{94345B28-78D6-486B-9CE6-53A58BF5D608}.Debug|x64.ActiveCfg = Debug|Any CPU
		{94345B28-78D6-486B-9CE6-53A58BF5D608}.Debug|x64.Build.0 = Debug|Any CPU
		{94345B28-78D6-486B-9CE6-53A58BF5D608}.Debug|x86.ActiveCfg = Debug|Any CPU
		{94345B28-78D6-486B-9CE6-53A58BF5D608}.Debug|x86.Build.0 = Debug|Any CPU
		{94345B28-78D6-486B-9CE6-53A58BF5D608}.Release|Any CPU.ActiveCfg = Release|Any CPU
		{94345B28-78D6-486B-9CE6-53A58BF5D608}.Release|Any CPU.Build.0 = Release|Any CPU
		{94345B28-78D6-486B-9CE6-53A58BF5D608}.Release|x64.ActiveCfg = Release|Any CPU
		{94345B28-78D6-486B-9CE6-53A58BF5D608}.Release|x64.Build.0 = Release|Any CPU
		{94345B28-78D6-486B-9CE6-53A58BF5D608}.Release|x86.ActiveCfg = Release|Any CPU
		{94345B28-78D6-486B-9CE6-53A58BF5D608}.Release|x86.Build.0 = Release|Any CPU
		{C047AFB3-7661-4CA6-8EA3-9BB1763124D0}.Debug|Any CPU.ActiveCfg = Debug|Any CPU
		{C047AFB3-7661-4CA6-8EA3-9BB1763124D0}.Debug|Any CPU.Build.0 = Debug|Any CPU
		{C047AFB3-7661-4CA6-8EA3-9BB1763124D0}.Debug|x64.ActiveCfg = Debug|Any CPU
		{C047AFB3-7661-4CA6-8EA3-9BB1763124D0}.Debug|x64.Build.0 = Debug|Any CPU
		{C047AFB3-7661-4CA6-8EA3-9BB1763124D0}.Debug|x86.ActiveCfg = Debug|Any CPU
		{C047AFB3-7661-4CA6-8EA3-9BB1763124D0}.Debug|x86.Build.0 = Debug|Any CPU
		{C047AFB3-7661-4CA6-8EA3-9BB1763124D0}.Release|Any CPU.ActiveCfg = Release|Any CPU
		{C047AFB3-7661-4CA6-8EA3-9BB1763124D0}.Release|Any CPU.Build.0 = Release|Any CPU
		{C047AFB3-7661-4CA6-8EA3-9BB1763124D0}.Release|x64.ActiveCfg = Release|Any CPU
		{C047AFB3-7661-4CA6-8EA3-9BB1763124D0}.Release|x64.Build.0 = Release|Any CPU
		{C047AFB3-7661-4CA6-8EA3-9BB1763124D0}.Release|x86.ActiveCfg = Release|Any CPU
		{C047AFB3-7661-4CA6-8EA3-9BB1763124D0}.Release|x86.Build.0 = Release|Any CPU
		{05114E43-2047-4639-8829-D8B244FFAEC3}.Debug|Any CPU.ActiveCfg = Debug|Any CPU
		{05114E43-2047-4639-8829-D8B244FFAEC3}.Debug|Any CPU.Build.0 = Debug|Any CPU
		{05114E43-2047-4639-8829-D8B244FFAEC3}.Debug|x64.ActiveCfg = Debug|Any CPU
		{05114E43-2047-4639-8829-D8B244FFAEC3}.Debug|x64.Build.0 = Debug|Any CPU
		{05114E43-2047-4639-8829-D8B244FFAEC3}.Debug|x86.ActiveCfg = Debug|Any CPU
		{05114E43-2047-4639-8829-D8B244FFAEC3}.Debug|x86.Build.0 = Debug|Any CPU
		{05114E43-2047-4639-8829-D8B244FFAEC3}.Release|Any CPU.ActiveCfg = Release|Any CPU
		{05114E43-2047-4639-8829-D8B244FFAEC3}.Release|Any CPU.Build.0 = Release|Any CPU
		{05114E43-2047-4639-8829-D8B244FFAEC3}.Release|x64.ActiveCfg = Release|Any CPU
		{05114E43-2047-4639-8829-D8B244FFAEC3}.Release|x64.Build.0 = Release|Any CPU
		{05114E43-2047-4639-8829-D8B244FFAEC3}.Release|x86.ActiveCfg = Release|Any CPU
		{05114E43-2047-4639-8829-D8B244FFAEC3}.Release|x86.Build.0 = Release|Any CPU
		{E1DCC3EA-5769-4EB3-9273-3EAEF9CA823A}.Debug|Any CPU.ActiveCfg = Debug|Any CPU
		{E1DCC3EA-5769-4EB3-9273-3EAEF9CA823A}.Debug|Any CPU.Build.0 = Debug|Any CPU
		{E1DCC3EA-5769-4EB3-9273-3EAEF9CA823A}.Debug|x64.ActiveCfg = Debug|Any CPU
		{E1DCC3EA-5769-4EB3-9273-3EAEF9CA823A}.Debug|x64.Build.0 = Debug|Any CPU
		{E1DCC3EA-5769-4EB3-9273-3EAEF9CA823A}.Debug|x86.ActiveCfg = Debug|Any CPU
		{E1DCC3EA-5769-4EB3-9273-3EAEF9CA823A}.Debug|x86.Build.0 = Debug|Any CPU
		{E1DCC3EA-5769-4EB3-9273-3EAEF9CA823A}.Release|Any CPU.ActiveCfg = Release|Any CPU
		{E1DCC3EA-5769-4EB3-9273-3EAEF9CA823A}.Release|Any CPU.Build.0 = Release|Any CPU
		{E1DCC3EA-5769-4EB3-9273-3EAEF9CA823A}.Release|x64.ActiveCfg = Release|Any CPU
		{E1DCC3EA-5769-4EB3-9273-3EAEF9CA823A}.Release|x64.Build.0 = Release|Any CPU
		{E1DCC3EA-5769-4EB3-9273-3EAEF9CA823A}.Release|x86.ActiveCfg = Release|Any CPU
		{E1DCC3EA-5769-4EB3-9273-3EAEF9CA823A}.Release|x86.Build.0 = Release|Any CPU
		{C44E4F00-3478-4D8A-9B29-9D40C4235011}.Debug|Any CPU.ActiveCfg = Debug|Any CPU
		{C44E4F00-3478-4D8A-9B29-9D40C4235011}.Debug|Any CPU.Build.0 = Debug|Any CPU
		{C44E4F00-3478-4D8A-9B29-9D40C4235011}.Debug|x64.ActiveCfg = Debug|Any CPU
		{C44E4F00-3478-4D8A-9B29-9D40C4235011}.Debug|x64.Build.0 = Debug|Any CPU
		{C44E4F00-3478-4D8A-9B29-9D40C4235011}.Debug|x86.ActiveCfg = Debug|Any CPU
		{C44E4F00-3478-4D8A-9B29-9D40C4235011}.Debug|x86.Build.0 = Debug|Any CPU
		{C44E4F00-3478-4D8A-9B29-9D40C4235011}.Release|Any CPU.ActiveCfg = Release|Any CPU
		{C44E4F00-3478-4D8A-9B29-9D40C4235011}.Release|Any CPU.Build.0 = Release|Any CPU
		{C44E4F00-3478-4D8A-9B29-9D40C4235011}.Release|x64.ActiveCfg = Release|Any CPU
		{C44E4F00-3478-4D8A-9B29-9D40C4235011}.Release|x64.Build.0 = Release|Any CPU
		{C44E4F00-3478-4D8A-9B29-9D40C4235011}.Release|x86.ActiveCfg = Release|Any CPU
		{C44E4F00-3478-4D8A-9B29-9D40C4235011}.Release|x86.Build.0 = Release|Any CPU
		{E05A6A0E-125A-4441-92C6-AFC174D4F106}.Debug|Any CPU.ActiveCfg = Debug|Any CPU
		{E05A6A0E-125A-4441-92C6-AFC174D4F106}.Debug|Any CPU.Build.0 = Debug|Any CPU
		{E05A6A0E-125A-4441-92C6-AFC174D4F106}.Debug|x64.ActiveCfg = Debug|Any CPU
		{E05A6A0E-125A-4441-92C6-AFC174D4F106}.Debug|x64.Build.0 = Debug|Any CPU
		{E05A6A0E-125A-4441-92C6-AFC174D4F106}.Debug|x86.ActiveCfg = Debug|Any CPU
		{E05A6A0E-125A-4441-92C6-AFC174D4F106}.Debug|x86.Build.0 = Debug|Any CPU
		{E05A6A0E-125A-4441-92C6-AFC174D4F106}.Release|Any CPU.ActiveCfg = Release|Any CPU
		{E05A6A0E-125A-4441-92C6-AFC174D4F106}.Release|Any CPU.Build.0 = Release|Any CPU
		{E05A6A0E-125A-4441-92C6-AFC174D4F106}.Release|x64.ActiveCfg = Release|Any CPU
		{E05A6A0E-125A-4441-92C6-AFC174D4F106}.Release|x64.Build.0 = Release|Any CPU
		{E05A6A0E-125A-4441-92C6-AFC174D4F106}.Release|x86.ActiveCfg = Release|Any CPU
		{E05A6A0E-125A-4441-92C6-AFC174D4F106}.Release|x86.Build.0 = Release|Any CPU
		{A0D37054-2969-4288-A4C1-12761286A5F8}.Debug|Any CPU.ActiveCfg = Debug|Any CPU
		{A0D37054-2969-4288-A4C1-12761286A5F8}.Debug|Any CPU.Build.0 = Debug|Any CPU
		{A0D37054-2969-4288-A4C1-12761286A5F8}.Debug|x64.ActiveCfg = Debug|Any CPU
		{A0D37054-2969-4288-A4C1-12761286A5F8}.Debug|x64.Build.0 = Debug|Any CPU
		{A0D37054-2969-4288-A4C1-12761286A5F8}.Debug|x86.ActiveCfg = Debug|Any CPU
		{A0D37054-2969-4288-A4C1-12761286A5F8}.Debug|x86.Build.0 = Debug|Any CPU
		{A0D37054-2969-4288-A4C1-12761286A5F8}.Release|Any CPU.ActiveCfg = Release|Any CPU
		{A0D37054-2969-4288-A4C1-12761286A5F8}.Release|Any CPU.Build.0 = Release|Any CPU
		{A0D37054-2969-4288-A4C1-12761286A5F8}.Release|x64.ActiveCfg = Release|Any CPU
		{A0D37054-2969-4288-A4C1-12761286A5F8}.Release|x64.Build.0 = Release|Any CPU
		{A0D37054-2969-4288-A4C1-12761286A5F8}.Release|x86.ActiveCfg = Release|Any CPU
		{A0D37054-2969-4288-A4C1-12761286A5F8}.Release|x86.Build.0 = Release|Any CPU
		{8F586086-106A-4AE4-8052-9CB16797577D}.Debug|Any CPU.ActiveCfg = Debug|Any CPU
		{8F586086-106A-4AE4-8052-9CB16797577D}.Debug|Any CPU.Build.0 = Debug|Any CPU
		{8F586086-106A-4AE4-8052-9CB16797577D}.Debug|x64.ActiveCfg = Debug|Any CPU
		{8F586086-106A-4AE4-8052-9CB16797577D}.Debug|x64.Build.0 = Debug|Any CPU
		{8F586086-106A-4AE4-8052-9CB16797577D}.Debug|x86.ActiveCfg = Debug|Any CPU
		{8F586086-106A-4AE4-8052-9CB16797577D}.Debug|x86.Build.0 = Debug|Any CPU
		{8F586086-106A-4AE4-8052-9CB16797577D}.Release|Any CPU.ActiveCfg = Release|Any CPU
		{8F586086-106A-4AE4-8052-9CB16797577D}.Release|Any CPU.Build.0 = Release|Any CPU
		{8F586086-106A-4AE4-8052-9CB16797577D}.Release|x64.ActiveCfg = Release|Any CPU
		{8F586086-106A-4AE4-8052-9CB16797577D}.Release|x64.Build.0 = Release|Any CPU
		{8F586086-106A-4AE4-8052-9CB16797577D}.Release|x86.ActiveCfg = Release|Any CPU
		{8F586086-106A-4AE4-8052-9CB16797577D}.Release|x86.Build.0 = Release|Any CPU
		{BBE93EB7-A062-4833-A919-3535BD7BE228}.Debug|Any CPU.ActiveCfg = Debug|Any CPU
		{BBE93EB7-A062-4833-A919-3535BD7BE228}.Debug|Any CPU.Build.0 = Debug|Any CPU
		{BBE93EB7-A062-4833-A919-3535BD7BE228}.Debug|x64.ActiveCfg = Debug|Any CPU
		{BBE93EB7-A062-4833-A919-3535BD7BE228}.Debug|x64.Build.0 = Debug|Any CPU
		{BBE93EB7-A062-4833-A919-3535BD7BE228}.Debug|x86.ActiveCfg = Debug|Any CPU
		{BBE93EB7-A062-4833-A919-3535BD7BE228}.Debug|x86.Build.0 = Debug|Any CPU
		{BBE93EB7-A062-4833-A919-3535BD7BE228}.Release|Any CPU.ActiveCfg = Release|Any CPU
		{BBE93EB7-A062-4833-A919-3535BD7BE228}.Release|Any CPU.Build.0 = Release|Any CPU
		{BBE93EB7-A062-4833-A919-3535BD7BE228}.Release|x64.ActiveCfg = Release|Any CPU
		{BBE93EB7-A062-4833-A919-3535BD7BE228}.Release|x64.Build.0 = Release|Any CPU
		{BBE93EB7-A062-4833-A919-3535BD7BE228}.Release|x86.ActiveCfg = Release|Any CPU
		{BBE93EB7-A062-4833-A919-3535BD7BE228}.Release|x86.Build.0 = Release|Any CPU
		{2C650D9A-7745-407A-A0B1-788C2874CC16}.Debug|Any CPU.ActiveCfg = Debug|Any CPU
		{2C650D9A-7745-407A-A0B1-788C2874CC16}.Debug|Any CPU.Build.0 = Debug|Any CPU
		{2C650D9A-7745-407A-A0B1-788C2874CC16}.Debug|x64.ActiveCfg = Debug|Any CPU
		{2C650D9A-7745-407A-A0B1-788C2874CC16}.Debug|x64.Build.0 = Debug|Any CPU
		{2C650D9A-7745-407A-A0B1-788C2874CC16}.Debug|x86.ActiveCfg = Debug|Any CPU
		{2C650D9A-7745-407A-A0B1-788C2874CC16}.Debug|x86.Build.0 = Debug|Any CPU
		{2C650D9A-7745-407A-A0B1-788C2874CC16}.Release|Any CPU.ActiveCfg = Release|Any CPU
		{2C650D9A-7745-407A-A0B1-788C2874CC16}.Release|Any CPU.Build.0 = Release|Any CPU
		{2C650D9A-7745-407A-A0B1-788C2874CC16}.Release|x64.ActiveCfg = Release|Any CPU
		{2C650D9A-7745-407A-A0B1-788C2874CC16}.Release|x64.Build.0 = Release|Any CPU
		{2C650D9A-7745-407A-A0B1-788C2874CC16}.Release|x86.ActiveCfg = Release|Any CPU
		{2C650D9A-7745-407A-A0B1-788C2874CC16}.Release|x86.Build.0 = Release|Any CPU
		{C08CA859-4937-4BF0-BECD-265DC0B57364}.Debug|Any CPU.ActiveCfg = Debug|Any CPU
		{C08CA859-4937-4BF0-BECD-265DC0B57364}.Debug|Any CPU.Build.0 = Debug|Any CPU
		{C08CA859-4937-4BF0-BECD-265DC0B57364}.Debug|x64.ActiveCfg = Debug|Any CPU
		{C08CA859-4937-4BF0-BECD-265DC0B57364}.Debug|x64.Build.0 = Debug|Any CPU
		{C08CA859-4937-4BF0-BECD-265DC0B57364}.Debug|x86.ActiveCfg = Debug|Any CPU
		{C08CA859-4937-4BF0-BECD-265DC0B57364}.Debug|x86.Build.0 = Debug|Any CPU
		{C08CA859-4937-4BF0-BECD-265DC0B57364}.Release|Any CPU.ActiveCfg = Release|Any CPU
		{C08CA859-4937-4BF0-BECD-265DC0B57364}.Release|Any CPU.Build.0 = Release|Any CPU
		{C08CA859-4937-4BF0-BECD-265DC0B57364}.Release|x64.ActiveCfg = Release|Any CPU
		{C08CA859-4937-4BF0-BECD-265DC0B57364}.Release|x64.Build.0 = Release|Any CPU
		{C08CA859-4937-4BF0-BECD-265DC0B57364}.Release|x86.ActiveCfg = Release|Any CPU
		{C08CA859-4937-4BF0-BECD-265DC0B57364}.Release|x86.Build.0 = Release|Any CPU
	EndGlobalSection
	GlobalSection(NestedProjects) = preSolution
		{607F1DF5-EB31-4DBB-A37E-E56196AA46FD} = {50586A5F-8F0B-4EFD-A5A1-34F1376AA275}
		{1B044EFE-AC19-43A4-BE34-94DE37B2A503} = {E11E0D08-FBA0-4348-808C-ABB7B8335427}
		{6B28C1A6-ED9F-48F5-8C9B-BD23CC973813} = {921AC21E-2569-49FC-8196-974BB4C31281}
		{9C59C12C-ED7A-4A14-A948-4AA7FB1F11B8} = {6B28C1A6-ED9F-48F5-8C9B-BD23CC973813}
		{ECC2F69A-4653-46E0-91B1-09687F7E73F5} = {6B28C1A6-ED9F-48F5-8C9B-BD23CC973813}
		{335CB2BC-853E-4C32-8CEB-855953EFA68A} = {6B28C1A6-ED9F-48F5-8C9B-BD23CC973813}
		{159065D5-3A44-4FE2-A05B-03E32D93A3F3} = {C574AD1E-EB61-4651-8804-9DC2D3B2E29D}
		{32F6BD6A-5F91-4270-AF4F-4827F7A453A3} = {E11E0D08-FBA0-4348-808C-ABB7B8335427}
		{A24310B7-3E1F-4E17-86F6-AD6DA80623C2} = {50586A5F-8F0B-4EFD-A5A1-34F1376AA275}
		{EE20DAF3-3EE6-4A79-BE1A-024D0322771E} = {6B28C1A6-ED9F-48F5-8C9B-BD23CC973813}
		{599B1EAB-D153-49DE-BA81-99E5223240B3} = {6B28C1A6-ED9F-48F5-8C9B-BD23CC973813}
		{77CE7254-A245-47A3-9278-9176B630F210} = {E11E0D08-FBA0-4348-808C-ABB7B8335427}
		{373AE683-2B77-432C-8BAA-77505D0CB960} = {1B044EFE-AC19-43A4-BE34-94DE37B2A503}
		{182F86FA-82FA-469E-8E51-26F407B5ACC8} = {1B044EFE-AC19-43A4-BE34-94DE37B2A503}
		{AE746CAB-5901-4269-B58B-25403F220E48} = {1B044EFE-AC19-43A4-BE34-94DE37B2A503}
		{94345B28-78D6-486B-9CE6-53A58BF5D608} = {1B044EFE-AC19-43A4-BE34-94DE37B2A503}
		{C047AFB3-7661-4CA6-8EA3-9BB1763124D0} = {77CE7254-A245-47A3-9278-9176B630F210}
		{05114E43-2047-4639-8829-D8B244FFAEC3} = {77CE7254-A245-47A3-9278-9176B630F210}
		{E1DCC3EA-5769-4EB3-9273-3EAEF9CA823A} = {77CE7254-A245-47A3-9278-9176B630F210}
		{C44E4F00-3478-4D8A-9B29-9D40C4235011} = {77CE7254-A245-47A3-9278-9176B630F210}
		{E05A6A0E-125A-4441-92C6-AFC174D4F106} = {32F6BD6A-5F91-4270-AF4F-4827F7A453A3}
		{A0D37054-2969-4288-A4C1-12761286A5F8} = {32F6BD6A-5F91-4270-AF4F-4827F7A453A3}
		{8F586086-106A-4AE4-8052-9CB16797577D} = {32F6BD6A-5F91-4270-AF4F-4827F7A453A3}
		{BBE93EB7-A062-4833-A919-3535BD7BE228} = {32F6BD6A-5F91-4270-AF4F-4827F7A453A3}
		{2C650D9A-7745-407A-A0B1-788C2874CC16} = {6B28C1A6-ED9F-48F5-8C9B-BD23CC973813}
		{C08CA859-4937-4BF0-BECD-265DC0B57364} = {6B28C1A6-ED9F-48F5-8C9B-BD23CC973813}
	EndGlobalSection
EndGlobal
