
Microsoft Visual Studio Solution File, Format Version 12.00
# Visual Studio 15
VisualStudioVersion = 15.0.26124.0
MinimumVisualStudioVersion = 15.0.26124.0
Project("{2150E333-8FDC-42A3-9474-1A3956D46DE8}") = "src", "src", "{921AC21E-2569-49FC-8196-974BB4C31281}"
EndProject
Project("{2150E333-8FDC-42A3-9474-1A3956D46DE8}") = "samples", "samples", "{E11E0D08-FBA0-4348-808C-ABB7B8335427}"
EndProject
Project("{2150E333-8FDC-42A3-9474-1A3956D46DE8}") = "tests", "tests", "{50586A5F-8F0B-4EFD-A5A1-34F1376AA275}"
EndProject
Project("{FAE04EC0-301F-11D3-BF4B-00C04F79EFBC}") = "UdpToolkit.Integration.Tests", "tests\UdpToolkit.Integration.Tests\UdpToolkit.Integration.Tests.csproj", "{607F1DF5-EB31-4DBB-A37E-E56196AA46FD}"
EndProject
Project("{2150E333-8FDC-42A3-9474-1A3956D46DE8}") = "SimpleUdp", "SimpleUdp", "{1B044EFE-AC19-43A4-BE34-94DE37B2A503}"
EndProject
Project("{FAE04EC0-301F-11D3-BF4B-00C04F79EFBC}") = "SimpleUdp.Client", "samples\SimpleUdp\SimpleUdp.Client\SimpleUdp.Client.csproj", "{E18E7F43-61E2-4429-9082-9C810309CF2A}"
EndProject
Project("{FAE04EC0-301F-11D3-BF4B-00C04F79EFBC}") = "SimpleUdp.Contracts", "samples\SimpleUdp\SimpleUdp.Contracts\SimpleUdp.Contracts.csproj", "{F5659F75-802D-45C5-AD01-77E1FF479F4F}"
EndProject
Project("{FAE04EC0-301F-11D3-BF4B-00C04F79EFBC}") = "SimpleUdp.Server", "samples\SimpleUdp\SimpleUdp.Server\SimpleUdp.Server.csproj", "{F07794C1-D3B8-4A82-85AE-3C60A39B9578}"
EndProject
Project("{2150E333-8FDC-42A3-9474-1A3956D46DE8}") = "Cubes", "Cubes", "{49C8FA0F-8DD8-43D6-8A5C-C36C9FD809EC}"
EndProject
Project("{2150E333-8FDC-42A3-9474-1A3956D46DE8}") = "shared", "shared", "{6B28C1A6-ED9F-48F5-8C9B-BD23CC973813}"
EndProject
Project("{FAE04EC0-301F-11D3-BF4B-00C04F79EFBC}") = "UdpToolkit.Core", "src\shared\UdpToolkit.Core\UdpToolkit.Core.csproj", "{9C59C12C-ED7A-4A14-A948-4AA7FB1F11B8}"
EndProject
Project("{FAE04EC0-301F-11D3-BF4B-00C04F79EFBC}") = "UdpToolkit.Network", "src\shared\UdpToolkit.Network\UdpToolkit.Network.csproj", "{ECC2F69A-4653-46E0-91B1-09687F7E73F5}"
EndProject
Project("{FAE04EC0-301F-11D3-BF4B-00C04F79EFBC}") = "UdpToolkit.Serialization.MsgPack", "src\shared\UdpToolkit.Serialization.MsgPack\UdpToolkit.Serialization.MsgPack.csproj", "{335CB2BC-853E-4C32-8CEB-855953EFA68A}"
EndProject
Project("{FAE04EC0-301F-11D3-BF4B-00C04F79EFBC}") = "Cubes.Server", "samples\Cubes\Cubes.Server\Cubes.Server.csproj", "{F389ACD7-9E38-45A7-82F2-7E0EF5BE1D8C}"
EndProject
Project("{2150E333-8FDC-42A3-9474-1A3956D46DE8}") = "benchmarks", "benchmarks", "{C574AD1E-EB61-4651-8804-9DC2D3B2E29D}"
EndProject
Project("{FAE04EC0-301F-11D3-BF4B-00C04F79EFBC}") = "UdpToolkit.Benchmarks", "benchmarks\UdpToolkit.Benchmarks\UdpToolkit.Benchmarks.csproj", "{159065D5-3A44-4FE2-A05B-03E32D93A3F3}"
EndProject
Project("{2150E333-8FDC-42A3-9474-1A3956D46DE8}") = "P2PChat", "P2PChat", "{32F6BD6A-5F91-4270-AF4F-4827F7A453A3}"
EndProject
Project("{FAE04EC0-301F-11D3-BF4B-00C04F79EFBC}") = "P2PChat.Client", "samples\P2PChat\P2PChat.Client\P2PChat.Client.csproj", "{DF423E65-155C-4E12-AFEB-4300C71B0AA1}"
EndProject
Project("{FAE04EC0-301F-11D3-BF4B-00C04F79EFBC}") = "P2PChat.Contracts", "samples\P2PChat\P2PChat.Contracts\P2PChat.Contracts.csproj", "{18883F30-9E6F-4A10-B7BD-242CB9A8D32F}"
EndProject
Project("{FAE04EC0-301F-11D3-BF4B-00C04F79EFBC}") = "P2PChat.Server", "samples\P2PChat\P2PChat.Server\P2PChat.Server.csproj", "{AD1A4FF5-1BEE-44EA-BF74-D6DCA8712E4F}"
EndProject
Project("{FAE04EC0-301F-11D3-BF4B-00C04F79EFBC}") = "UdpToolkit.Network.Tests", "tests\UdpToolkit.Network.Tests\UdpToolkit.Network.Tests.csproj", "{A24310B7-3E1F-4E17-86F6-AD6DA80623C2}"
EndProject
Project("{FAE04EC0-301F-11D3-BF4B-00C04F79EFBC}") = "UdpToolkit.Framework", "src\shared\UdpToolkit.Framework\UdpToolkit.Framework.csproj", "{EE20DAF3-3EE6-4A79-BE1A-024D0322771E}"
EndProject
Project("{FAE04EC0-301F-11D3-BF4B-00C04F79EFBC}") = "UdpToolkit.Serialization", "src\shared\UdpToolkit.Serialization\UdpToolkit.Serialization.csproj", "{599B1EAB-D153-49DE-BA81-99E5223240B3}"
EndProject
Project("{FAE04EC0-301F-11D3-BF4B-00C04F79EFBC}") = "UdpToolkit.Core.Tests", "tests\UdpToolkit.Core.Tests\UdpToolkit.Core.Tests.csproj", "{538D0454-FDCA-45BD-9F83-F4917CC4FC07}"
EndProject
Global
	GlobalSection(SolutionConfigurationPlatforms) = preSolution
		Debug|Any CPU = Debug|Any CPU
		Debug|x64 = Debug|x64
		Debug|x86 = Debug|x86
		Release|Any CPU = Release|Any CPU
		Release|x64 = Release|x64
		Release|x86 = Release|x86
	EndGlobalSection
	GlobalSection(SolutionProperties) = preSolution
		HideSolutionNode = FALSE
	EndGlobalSection
	GlobalSection(ProjectConfigurationPlatforms) = postSolution
		{607F1DF5-EB31-4DBB-A37E-E56196AA46FD}.Debug|Any CPU.ActiveCfg = Debug|Any CPU
		{607F1DF5-EB31-4DBB-A37E-E56196AA46FD}.Debug|Any CPU.Build.0 = Debug|Any CPU
		{607F1DF5-EB31-4DBB-A37E-E56196AA46FD}.Debug|x64.ActiveCfg = Debug|Any CPU
		{607F1DF5-EB31-4DBB-A37E-E56196AA46FD}.Debug|x64.Build.0 = Debug|Any CPU
		{607F1DF5-EB31-4DBB-A37E-E56196AA46FD}.Debug|x86.ActiveCfg = Debug|Any CPU
		{607F1DF5-EB31-4DBB-A37E-E56196AA46FD}.Debug|x86.Build.0 = Debug|Any CPU
		{607F1DF5-EB31-4DBB-A37E-E56196AA46FD}.Release|Any CPU.ActiveCfg = Release|Any CPU
		{607F1DF5-EB31-4DBB-A37E-E56196AA46FD}.Release|Any CPU.Build.0 = Release|Any CPU
		{607F1DF5-EB31-4DBB-A37E-E56196AA46FD}.Release|x64.ActiveCfg = Release|Any CPU
		{607F1DF5-EB31-4DBB-A37E-E56196AA46FD}.Release|x64.Build.0 = Release|Any CPU
		{607F1DF5-EB31-4DBB-A37E-E56196AA46FD}.Release|x86.ActiveCfg = Release|Any CPU
		{607F1DF5-EB31-4DBB-A37E-E56196AA46FD}.Release|x86.Build.0 = Release|Any CPU
		{E18E7F43-61E2-4429-9082-9C810309CF2A}.Debug|Any CPU.ActiveCfg = Debug|Any CPU
		{E18E7F43-61E2-4429-9082-9C810309CF2A}.Debug|Any CPU.Build.0 = Debug|Any CPU
		{E18E7F43-61E2-4429-9082-9C810309CF2A}.Debug|x64.ActiveCfg = Debug|Any CPU
		{E18E7F43-61E2-4429-9082-9C810309CF2A}.Debug|x64.Build.0 = Debug|Any CPU
		{E18E7F43-61E2-4429-9082-9C810309CF2A}.Debug|x86.ActiveCfg = Debug|Any CPU
		{E18E7F43-61E2-4429-9082-9C810309CF2A}.Debug|x86.Build.0 = Debug|Any CPU
		{E18E7F43-61E2-4429-9082-9C810309CF2A}.Release|Any CPU.ActiveCfg = Release|Any CPU
		{E18E7F43-61E2-4429-9082-9C810309CF2A}.Release|Any CPU.Build.0 = Release|Any CPU
		{E18E7F43-61E2-4429-9082-9C810309CF2A}.Release|x64.ActiveCfg = Release|Any CPU
		{E18E7F43-61E2-4429-9082-9C810309CF2A}.Release|x64.Build.0 = Release|Any CPU
		{E18E7F43-61E2-4429-9082-9C810309CF2A}.Release|x86.ActiveCfg = Release|Any CPU
		{E18E7F43-61E2-4429-9082-9C810309CF2A}.Release|x86.Build.0 = Release|Any CPU
		{F5659F75-802D-45C5-AD01-77E1FF479F4F}.Debug|Any CPU.ActiveCfg = Debug|Any CPU
		{F5659F75-802D-45C5-AD01-77E1FF479F4F}.Debug|Any CPU.Build.0 = Debug|Any CPU
		{F5659F75-802D-45C5-AD01-77E1FF479F4F}.Debug|x64.ActiveCfg = Debug|Any CPU
		{F5659F75-802D-45C5-AD01-77E1FF479F4F}.Debug|x64.Build.0 = Debug|Any CPU
		{F5659F75-802D-45C5-AD01-77E1FF479F4F}.Debug|x86.ActiveCfg = Debug|Any CPU
		{F5659F75-802D-45C5-AD01-77E1FF479F4F}.Debug|x86.Build.0 = Debug|Any CPU
		{F5659F75-802D-45C5-AD01-77E1FF479F4F}.Release|Any CPU.ActiveCfg = Release|Any CPU
		{F5659F75-802D-45C5-AD01-77E1FF479F4F}.Release|Any CPU.Build.0 = Release|Any CPU
		{F5659F75-802D-45C5-AD01-77E1FF479F4F}.Release|x64.ActiveCfg = Release|Any CPU
		{F5659F75-802D-45C5-AD01-77E1FF479F4F}.Release|x64.Build.0 = Release|Any CPU
		{F5659F75-802D-45C5-AD01-77E1FF479F4F}.Release|x86.ActiveCfg = Release|Any CPU
		{F5659F75-802D-45C5-AD01-77E1FF479F4F}.Release|x86.Build.0 = Release|Any CPU
		{F07794C1-D3B8-4A82-85AE-3C60A39B9578}.Debug|Any CPU.ActiveCfg = Debug|Any CPU
		{F07794C1-D3B8-4A82-85AE-3C60A39B9578}.Debug|Any CPU.Build.0 = Debug|Any CPU
		{F07794C1-D3B8-4A82-85AE-3C60A39B9578}.Debug|x64.ActiveCfg = Debug|Any CPU
		{F07794C1-D3B8-4A82-85AE-3C60A39B9578}.Debug|x64.Build.0 = Debug|Any CPU
		{F07794C1-D3B8-4A82-85AE-3C60A39B9578}.Debug|x86.ActiveCfg = Debug|Any CPU
		{F07794C1-D3B8-4A82-85AE-3C60A39B9578}.Debug|x86.Build.0 = Debug|Any CPU
		{F07794C1-D3B8-4A82-85AE-3C60A39B9578}.Release|Any CPU.ActiveCfg = Release|Any CPU
		{F07794C1-D3B8-4A82-85AE-3C60A39B9578}.Release|Any CPU.Build.0 = Release|Any CPU
		{F07794C1-D3B8-4A82-85AE-3C60A39B9578}.Release|x64.ActiveCfg = Release|Any CPU
		{F07794C1-D3B8-4A82-85AE-3C60A39B9578}.Release|x64.Build.0 = Release|Any CPU
		{F07794C1-D3B8-4A82-85AE-3C60A39B9578}.Release|x86.ActiveCfg = Release|Any CPU
		{F07794C1-D3B8-4A82-85AE-3C60A39B9578}.Release|x86.Build.0 = Release|Any CPU
		{9C59C12C-ED7A-4A14-A948-4AA7FB1F11B8}.Debug|Any CPU.ActiveCfg = Debug|Any CPU
		{9C59C12C-ED7A-4A14-A948-4AA7FB1F11B8}.Debug|Any CPU.Build.0 = Debug|Any CPU
		{9C59C12C-ED7A-4A14-A948-4AA7FB1F11B8}.Debug|x64.ActiveCfg = Debug|Any CPU
		{9C59C12C-ED7A-4A14-A948-4AA7FB1F11B8}.Debug|x64.Build.0 = Debug|Any CPU
		{9C59C12C-ED7A-4A14-A948-4AA7FB1F11B8}.Debug|x86.ActiveCfg = Debug|Any CPU
		{9C59C12C-ED7A-4A14-A948-4AA7FB1F11B8}.Debug|x86.Build.0 = Debug|Any CPU
		{9C59C12C-ED7A-4A14-A948-4AA7FB1F11B8}.Release|Any CPU.ActiveCfg = Release|Any CPU
		{9C59C12C-ED7A-4A14-A948-4AA7FB1F11B8}.Release|Any CPU.Build.0 = Release|Any CPU
		{9C59C12C-ED7A-4A14-A948-4AA7FB1F11B8}.Release|x64.ActiveCfg = Release|Any CPU
		{9C59C12C-ED7A-4A14-A948-4AA7FB1F11B8}.Release|x64.Build.0 = Release|Any CPU
		{9C59C12C-ED7A-4A14-A948-4AA7FB1F11B8}.Release|x86.ActiveCfg = Release|Any CPU
		{9C59C12C-ED7A-4A14-A948-4AA7FB1F11B8}.Release|x86.Build.0 = Release|Any CPU
		{ECC2F69A-4653-46E0-91B1-09687F7E73F5}.Debug|Any CPU.ActiveCfg = Debug|Any CPU
		{ECC2F69A-4653-46E0-91B1-09687F7E73F5}.Debug|Any CPU.Build.0 = Debug|Any CPU
		{ECC2F69A-4653-46E0-91B1-09687F7E73F5}.Debug|x64.ActiveCfg = Debug|Any CPU
		{ECC2F69A-4653-46E0-91B1-09687F7E73F5}.Debug|x64.Build.0 = Debug|Any CPU
		{ECC2F69A-4653-46E0-91B1-09687F7E73F5}.Debug|x86.ActiveCfg = Debug|Any CPU
		{ECC2F69A-4653-46E0-91B1-09687F7E73F5}.Debug|x86.Build.0 = Debug|Any CPU
		{ECC2F69A-4653-46E0-91B1-09687F7E73F5}.Release|Any CPU.ActiveCfg = Release|Any CPU
		{ECC2F69A-4653-46E0-91B1-09687F7E73F5}.Release|Any CPU.Build.0 = Release|Any CPU
		{ECC2F69A-4653-46E0-91B1-09687F7E73F5}.Release|x64.ActiveCfg = Release|Any CPU
		{ECC2F69A-4653-46E0-91B1-09687F7E73F5}.Release|x64.Build.0 = Release|Any CPU
		{ECC2F69A-4653-46E0-91B1-09687F7E73F5}.Release|x86.ActiveCfg = Release|Any CPU
		{ECC2F69A-4653-46E0-91B1-09687F7E73F5}.Release|x86.Build.0 = Release|Any CPU
		{335CB2BC-853E-4C32-8CEB-855953EFA68A}.Debug|Any CPU.ActiveCfg = Debug|Any CPU
		{335CB2BC-853E-4C32-8CEB-855953EFA68A}.Debug|Any CPU.Build.0 = Debug|Any CPU
		{335CB2BC-853E-4C32-8CEB-855953EFA68A}.Debug|x64.ActiveCfg = Debug|Any CPU
		{335CB2BC-853E-4C32-8CEB-855953EFA68A}.Debug|x64.Build.0 = Debug|Any CPU
		{335CB2BC-853E-4C32-8CEB-855953EFA68A}.Debug|x86.ActiveCfg = Debug|Any CPU
		{335CB2BC-853E-4C32-8CEB-855953EFA68A}.Debug|x86.Build.0 = Debug|Any CPU
		{335CB2BC-853E-4C32-8CEB-855953EFA68A}.Release|Any CPU.ActiveCfg = Release|Any CPU
		{335CB2BC-853E-4C32-8CEB-855953EFA68A}.Release|Any CPU.Build.0 = Release|Any CPU
		{335CB2BC-853E-4C32-8CEB-855953EFA68A}.Release|x64.ActiveCfg = Release|Any CPU
		{335CB2BC-853E-4C32-8CEB-855953EFA68A}.Release|x64.Build.0 = Release|Any CPU
		{335CB2BC-853E-4C32-8CEB-855953EFA68A}.Release|x86.ActiveCfg = Release|Any CPU
		{335CB2BC-853E-4C32-8CEB-855953EFA68A}.Release|x86.Build.0 = Release|Any CPU
		{F389ACD7-9E38-45A7-82F2-7E0EF5BE1D8C}.Debug|Any CPU.ActiveCfg = Debug|Any CPU
		{F389ACD7-9E38-45A7-82F2-7E0EF5BE1D8C}.Debug|Any CPU.Build.0 = Debug|Any CPU
		{F389ACD7-9E38-45A7-82F2-7E0EF5BE1D8C}.Debug|x64.ActiveCfg = Debug|Any CPU
		{F389ACD7-9E38-45A7-82F2-7E0EF5BE1D8C}.Debug|x64.Build.0 = Debug|Any CPU
		{F389ACD7-9E38-45A7-82F2-7E0EF5BE1D8C}.Debug|x86.ActiveCfg = Debug|Any CPU
		{F389ACD7-9E38-45A7-82F2-7E0EF5BE1D8C}.Debug|x86.Build.0 = Debug|Any CPU
		{F389ACD7-9E38-45A7-82F2-7E0EF5BE1D8C}.Release|Any CPU.ActiveCfg = Release|Any CPU
		{F389ACD7-9E38-45A7-82F2-7E0EF5BE1D8C}.Release|Any CPU.Build.0 = Release|Any CPU
		{F389ACD7-9E38-45A7-82F2-7E0EF5BE1D8C}.Release|x64.ActiveCfg = Release|Any CPU
		{F389ACD7-9E38-45A7-82F2-7E0EF5BE1D8C}.Release|x64.Build.0 = Release|Any CPU
		{F389ACD7-9E38-45A7-82F2-7E0EF5BE1D8C}.Release|x86.ActiveCfg = Release|Any CPU
		{F389ACD7-9E38-45A7-82F2-7E0EF5BE1D8C}.Release|x86.Build.0 = Release|Any CPU
		{159065D5-3A44-4FE2-A05B-03E32D93A3F3}.Debug|Any CPU.ActiveCfg = Debug|Any CPU
		{159065D5-3A44-4FE2-A05B-03E32D93A3F3}.Debug|Any CPU.Build.0 = Debug|Any CPU
		{159065D5-3A44-4FE2-A05B-03E32D93A3F3}.Debug|x64.ActiveCfg = Debug|Any CPU
		{159065D5-3A44-4FE2-A05B-03E32D93A3F3}.Debug|x64.Build.0 = Debug|Any CPU
		{159065D5-3A44-4FE2-A05B-03E32D93A3F3}.Debug|x86.ActiveCfg = Debug|Any CPU
		{159065D5-3A44-4FE2-A05B-03E32D93A3F3}.Debug|x86.Build.0 = Debug|Any CPU
		{159065D5-3A44-4FE2-A05B-03E32D93A3F3}.Release|Any CPU.ActiveCfg = Release|Any CPU
		{159065D5-3A44-4FE2-A05B-03E32D93A3F3}.Release|Any CPU.Build.0 = Release|Any CPU
		{159065D5-3A44-4FE2-A05B-03E32D93A3F3}.Release|x64.ActiveCfg = Release|Any CPU
		{159065D5-3A44-4FE2-A05B-03E32D93A3F3}.Release|x64.Build.0 = Release|Any CPU
		{159065D5-3A44-4FE2-A05B-03E32D93A3F3}.Release|x86.ActiveCfg = Release|Any CPU
		{159065D5-3A44-4FE2-A05B-03E32D93A3F3}.Release|x86.Build.0 = Release|Any CPU
		{DF423E65-155C-4E12-AFEB-4300C71B0AA1}.Debug|Any CPU.ActiveCfg = Debug|Any CPU
		{DF423E65-155C-4E12-AFEB-4300C71B0AA1}.Debug|Any CPU.Build.0 = Debug|Any CPU
		{DF423E65-155C-4E12-AFEB-4300C71B0AA1}.Debug|x64.ActiveCfg = Debug|Any CPU
		{DF423E65-155C-4E12-AFEB-4300C71B0AA1}.Debug|x64.Build.0 = Debug|Any CPU
		{DF423E65-155C-4E12-AFEB-4300C71B0AA1}.Debug|x86.ActiveCfg = Debug|Any CPU
		{DF423E65-155C-4E12-AFEB-4300C71B0AA1}.Debug|x86.Build.0 = Debug|Any CPU
		{DF423E65-155C-4E12-AFEB-4300C71B0AA1}.Release|Any CPU.ActiveCfg = Release|Any CPU
		{DF423E65-155C-4E12-AFEB-4300C71B0AA1}.Release|Any CPU.Build.0 = Release|Any CPU
		{DF423E65-155C-4E12-AFEB-4300C71B0AA1}.Release|x64.ActiveCfg = Release|Any CPU
		{DF423E65-155C-4E12-AFEB-4300C71B0AA1}.Release|x64.Build.0 = Release|Any CPU
		{DF423E65-155C-4E12-AFEB-4300C71B0AA1}.Release|x86.ActiveCfg = Release|Any CPU
		{DF423E65-155C-4E12-AFEB-4300C71B0AA1}.Release|x86.Build.0 = Release|Any CPU
		{18883F30-9E6F-4A10-B7BD-242CB9A8D32F}.Debug|Any CPU.ActiveCfg = Debug|Any CPU
		{18883F30-9E6F-4A10-B7BD-242CB9A8D32F}.Debug|Any CPU.Build.0 = Debug|Any CPU
		{18883F30-9E6F-4A10-B7BD-242CB9A8D32F}.Debug|x64.ActiveCfg = Debug|Any CPU
		{18883F30-9E6F-4A10-B7BD-242CB9A8D32F}.Debug|x64.Build.0 = Debug|Any CPU
		{18883F30-9E6F-4A10-B7BD-242CB9A8D32F}.Debug|x86.ActiveCfg = Debug|Any CPU
		{18883F30-9E6F-4A10-B7BD-242CB9A8D32F}.Debug|x86.Build.0 = Debug|Any CPU
		{18883F30-9E6F-4A10-B7BD-242CB9A8D32F}.Release|Any CPU.ActiveCfg = Release|Any CPU
		{18883F30-9E6F-4A10-B7BD-242CB9A8D32F}.Release|Any CPU.Build.0 = Release|Any CPU
		{18883F30-9E6F-4A10-B7BD-242CB9A8D32F}.Release|x64.ActiveCfg = Release|Any CPU
		{18883F30-9E6F-4A10-B7BD-242CB9A8D32F}.Release|x64.Build.0 = Release|Any CPU
		{18883F30-9E6F-4A10-B7BD-242CB9A8D32F}.Release|x86.ActiveCfg = Release|Any CPU
		{18883F30-9E6F-4A10-B7BD-242CB9A8D32F}.Release|x86.Build.0 = Release|Any CPU
		{AD1A4FF5-1BEE-44EA-BF74-D6DCA8712E4F}.Debug|Any CPU.ActiveCfg = Debug|Any CPU
		{AD1A4FF5-1BEE-44EA-BF74-D6DCA8712E4F}.Debug|Any CPU.Build.0 = Debug|Any CPU
		{AD1A4FF5-1BEE-44EA-BF74-D6DCA8712E4F}.Debug|x64.ActiveCfg = Debug|Any CPU
		{AD1A4FF5-1BEE-44EA-BF74-D6DCA8712E4F}.Debug|x64.Build.0 = Debug|Any CPU
		{AD1A4FF5-1BEE-44EA-BF74-D6DCA8712E4F}.Debug|x86.ActiveCfg = Debug|Any CPU
		{AD1A4FF5-1BEE-44EA-BF74-D6DCA8712E4F}.Debug|x86.Build.0 = Debug|Any CPU
		{AD1A4FF5-1BEE-44EA-BF74-D6DCA8712E4F}.Release|Any CPU.ActiveCfg = Release|Any CPU
		{AD1A4FF5-1BEE-44EA-BF74-D6DCA8712E4F}.Release|Any CPU.Build.0 = Release|Any CPU
		{AD1A4FF5-1BEE-44EA-BF74-D6DCA8712E4F}.Release|x64.ActiveCfg = Release|Any CPU
		{AD1A4FF5-1BEE-44EA-BF74-D6DCA8712E4F}.Release|x64.Build.0 = Release|Any CPU
		{AD1A4FF5-1BEE-44EA-BF74-D6DCA8712E4F}.Release|x86.ActiveCfg = Release|Any CPU
		{AD1A4FF5-1BEE-44EA-BF74-D6DCA8712E4F}.Release|x86.Build.0 = Release|Any CPU
		{A24310B7-3E1F-4E17-86F6-AD6DA80623C2}.Debug|Any CPU.ActiveCfg = Debug|Any CPU
		{A24310B7-3E1F-4E17-86F6-AD6DA80623C2}.Debug|Any CPU.Build.0 = Debug|Any CPU
		{A24310B7-3E1F-4E17-86F6-AD6DA80623C2}.Debug|x64.ActiveCfg = Debug|Any CPU
		{A24310B7-3E1F-4E17-86F6-AD6DA80623C2}.Debug|x64.Build.0 = Debug|Any CPU
		{A24310B7-3E1F-4E17-86F6-AD6DA80623C2}.Debug|x86.ActiveCfg = Debug|Any CPU
		{A24310B7-3E1F-4E17-86F6-AD6DA80623C2}.Debug|x86.Build.0 = Debug|Any CPU
		{A24310B7-3E1F-4E17-86F6-AD6DA80623C2}.Release|Any CPU.ActiveCfg = Release|Any CPU
		{A24310B7-3E1F-4E17-86F6-AD6DA80623C2}.Release|Any CPU.Build.0 = Release|Any CPU
		{A24310B7-3E1F-4E17-86F6-AD6DA80623C2}.Release|x64.ActiveCfg = Release|Any CPU
		{A24310B7-3E1F-4E17-86F6-AD6DA80623C2}.Release|x64.Build.0 = Release|Any CPU
		{A24310B7-3E1F-4E17-86F6-AD6DA80623C2}.Release|x86.ActiveCfg = Release|Any CPU
		{A24310B7-3E1F-4E17-86F6-AD6DA80623C2}.Release|x86.Build.0 = Release|Any CPU
		{EE20DAF3-3EE6-4A79-BE1A-024D0322771E}.Debug|Any CPU.ActiveCfg = Debug|Any CPU
		{EE20DAF3-3EE6-4A79-BE1A-024D0322771E}.Debug|Any CPU.Build.0 = Debug|Any CPU
		{EE20DAF3-3EE6-4A79-BE1A-024D0322771E}.Debug|x64.ActiveCfg = Debug|Any CPU
		{EE20DAF3-3EE6-4A79-BE1A-024D0322771E}.Debug|x64.Build.0 = Debug|Any CPU
		{EE20DAF3-3EE6-4A79-BE1A-024D0322771E}.Debug|x86.ActiveCfg = Debug|Any CPU
		{EE20DAF3-3EE6-4A79-BE1A-024D0322771E}.Debug|x86.Build.0 = Debug|Any CPU
		{EE20DAF3-3EE6-4A79-BE1A-024D0322771E}.Release|Any CPU.ActiveCfg = Release|Any CPU
		{EE20DAF3-3EE6-4A79-BE1A-024D0322771E}.Release|Any CPU.Build.0 = Release|Any CPU
		{EE20DAF3-3EE6-4A79-BE1A-024D0322771E}.Release|x64.ActiveCfg = Release|Any CPU
		{EE20DAF3-3EE6-4A79-BE1A-024D0322771E}.Release|x64.Build.0 = Release|Any CPU
		{EE20DAF3-3EE6-4A79-BE1A-024D0322771E}.Release|x86.ActiveCfg = Release|Any CPU
		{EE20DAF3-3EE6-4A79-BE1A-024D0322771E}.Release|x86.Build.0 = Release|Any CPU
		{599B1EAB-D153-49DE-BA81-99E5223240B3}.Debug|Any CPU.ActiveCfg = Debug|Any CPU
		{599B1EAB-D153-49DE-BA81-99E5223240B3}.Debug|Any CPU.Build.0 = Debug|Any CPU
		{599B1EAB-D153-49DE-BA81-99E5223240B3}.Debug|x64.ActiveCfg = Debug|Any CPU
		{599B1EAB-D153-49DE-BA81-99E5223240B3}.Debug|x64.Build.0 = Debug|Any CPU
		{599B1EAB-D153-49DE-BA81-99E5223240B3}.Debug|x86.ActiveCfg = Debug|Any CPU
		{599B1EAB-D153-49DE-BA81-99E5223240B3}.Debug|x86.Build.0 = Debug|Any CPU
		{599B1EAB-D153-49DE-BA81-99E5223240B3}.Release|Any CPU.ActiveCfg = Release|Any CPU
		{599B1EAB-D153-49DE-BA81-99E5223240B3}.Release|Any CPU.Build.0 = Release|Any CPU
		{599B1EAB-D153-49DE-BA81-99E5223240B3}.Release|x64.ActiveCfg = Release|Any CPU
		{599B1EAB-D153-49DE-BA81-99E5223240B3}.Release|x64.Build.0 = Release|Any CPU
		{599B1EAB-D153-49DE-BA81-99E5223240B3}.Release|x86.ActiveCfg = Release|Any CPU
		{599B1EAB-D153-49DE-BA81-99E5223240B3}.Release|x86.Build.0 = Release|Any CPU
		{538D0454-FDCA-45BD-9F83-F4917CC4FC07}.Debug|Any CPU.ActiveCfg = Debug|Any CPU
		{538D0454-FDCA-45BD-9F83-F4917CC4FC07}.Debug|Any CPU.Build.0 = Debug|Any CPU
		{538D0454-FDCA-45BD-9F83-F4917CC4FC07}.Debug|x64.ActiveCfg = Debug|Any CPU
		{538D0454-FDCA-45BD-9F83-F4917CC4FC07}.Debug|x64.Build.0 = Debug|Any CPU
		{538D0454-FDCA-45BD-9F83-F4917CC4FC07}.Debug|x86.ActiveCfg = Debug|Any CPU
		{538D0454-FDCA-45BD-9F83-F4917CC4FC07}.Debug|x86.Build.0 = Debug|Any CPU
		{538D0454-FDCA-45BD-9F83-F4917CC4FC07}.Release|Any CPU.ActiveCfg = Release|Any CPU
		{538D0454-FDCA-45BD-9F83-F4917CC4FC07}.Release|Any CPU.Build.0 = Release|Any CPU
		{538D0454-FDCA-45BD-9F83-F4917CC4FC07}.Release|x64.ActiveCfg = Release|Any CPU
		{538D0454-FDCA-45BD-9F83-F4917CC4FC07}.Release|x64.Build.0 = Release|Any CPU
		{538D0454-FDCA-45BD-9F83-F4917CC4FC07}.Release|x86.ActiveCfg = Release|Any CPU
		{538D0454-FDCA-45BD-9F83-F4917CC4FC07}.Release|x86.Build.0 = Release|Any CPU
	EndGlobalSection
	GlobalSection(NestedProjects) = preSolution
		{607F1DF5-EB31-4DBB-A37E-E56196AA46FD} = {50586A5F-8F0B-4EFD-A5A1-34F1376AA275}
		{1B044EFE-AC19-43A4-BE34-94DE37B2A503} = {E11E0D08-FBA0-4348-808C-ABB7B8335427}
		{E18E7F43-61E2-4429-9082-9C810309CF2A} = {1B044EFE-AC19-43A4-BE34-94DE37B2A503}
		{F5659F75-802D-45C5-AD01-77E1FF479F4F} = {1B044EFE-AC19-43A4-BE34-94DE37B2A503}
		{F07794C1-D3B8-4A82-85AE-3C60A39B9578} = {1B044EFE-AC19-43A4-BE34-94DE37B2A503}
		{49C8FA0F-8DD8-43D6-8A5C-C36C9FD809EC} = {E11E0D08-FBA0-4348-808C-ABB7B8335427}
		{6B28C1A6-ED9F-48F5-8C9B-BD23CC973813} = {921AC21E-2569-49FC-8196-974BB4C31281}
		{9C59C12C-ED7A-4A14-A948-4AA7FB1F11B8} = {6B28C1A6-ED9F-48F5-8C9B-BD23CC973813}
		{ECC2F69A-4653-46E0-91B1-09687F7E73F5} = {6B28C1A6-ED9F-48F5-8C9B-BD23CC973813}
		{335CB2BC-853E-4C32-8CEB-855953EFA68A} = {6B28C1A6-ED9F-48F5-8C9B-BD23CC973813}
		{F389ACD7-9E38-45A7-82F2-7E0EF5BE1D8C} = {49C8FA0F-8DD8-43D6-8A5C-C36C9FD809EC}
		{159065D5-3A44-4FE2-A05B-03E32D93A3F3} = {C574AD1E-EB61-4651-8804-9DC2D3B2E29D}
		{32F6BD6A-5F91-4270-AF4F-4827F7A453A3} = {E11E0D08-FBA0-4348-808C-ABB7B8335427}
		{DF423E65-155C-4E12-AFEB-4300C71B0AA1} = {32F6BD6A-5F91-4270-AF4F-4827F7A453A3}
		{18883F30-9E6F-4A10-B7BD-242CB9A8D32F} = {32F6BD6A-5F91-4270-AF4F-4827F7A453A3}
		{AD1A4FF5-1BEE-44EA-BF74-D6DCA8712E4F} = {32F6BD6A-5F91-4270-AF4F-4827F7A453A3}
		{A24310B7-3E1F-4E17-86F6-AD6DA80623C2} = {50586A5F-8F0B-4EFD-A5A1-34F1376AA275}
		{EE20DAF3-3EE6-4A79-BE1A-024D0322771E} = {6B28C1A6-ED9F-48F5-8C9B-BD23CC973813}
		{599B1EAB-D153-49DE-BA81-99E5223240B3} = {6B28C1A6-ED9F-48F5-8C9B-BD23CC973813}
		{538D0454-FDCA-45BD-9F83-F4917CC4FC07} = {50586A5F-8F0B-4EFD-A5A1-34F1376AA275}
	EndGlobalSection
EndGlobal
