
Microsoft Visual Studio Solution File, Format Version 12.00
# Visual Studio 15
VisualStudioVersion = 15.0.26124.0
MinimumVisualStudioVersion = 15.0.26124.0
Project("{2150E333-8FDC-42A3-9474-1A3956D46DE8}") = "src", "src", "{921AC21E-2569-49FC-8196-974BB4C31281}"
EndProject
Project("{2150E333-8FDC-42A3-9474-1A3956D46DE8}") = "samples", "samples", "{E11E0D08-FBA0-4348-808C-ABB7B8335427}"
EndProject
Project("{2150E333-8FDC-42A3-9474-1A3956D46DE8}") = "tests", "tests", "{50586A5F-8F0B-4EFD-A5A1-34F1376AA275}"
EndProject
Project("{FAE04EC0-301F-11D3-BF4B-00C04F79EFBC}") = "UdpToolkit.Tests", "tests\UdpToolkit.Tests\UdpToolkit.Tests.csproj", "{607F1DF5-EB31-4DBB-A37E-E56196AA46FD}"
EndProject
Project("{FAE04EC0-301F-11D3-BF4B-00C04F79EFBC}") = "UdpToolkit.Annotations", "src\UdpToolkit.Annotations\UdpToolkit.Annotations.csproj", "{752BF5BF-967D-4E61-87F1-86DB6E74B314}"
EndProject
Project("{FAE04EC0-301F-11D3-BF4B-00C04F79EFBC}") = "UdpToolkit.Core", "src\UdpToolkit.Core\UdpToolkit.Core.csproj", "{D0D574D8-FC8D-4D98-B086-EEC083246274}"
EndProject
Project("{FAE04EC0-301F-11D3-BF4B-00C04F79EFBC}") = "UdpToolkit.Framework", "src\UdpToolkit.Framework\UdpToolkit.Framework.csproj", "{F921E8B4-3A94-4D46-B52A-054E8C79F8A1}"
EndProject
Project("{FAE04EC0-301F-11D3-BF4B-00C04F79EFBC}") = "UdpToolkit.Network", "src\UdpToolkit.Network\UdpToolkit.Network.csproj", "{C1495181-EAEF-4128-9237-61FF7FF9C272}"
EndProject
Project("{FAE04EC0-301F-11D3-BF4B-00C04F79EFBC}") = "UdpToolkit.Serialization.MsgPack", "src\UdpToolkit.Serialization.MsgPack\UdpToolkit.Serialization.MsgPack.csproj", "{868B350A-7B9D-405D-9FB0-676A92BE02F6}"
EndProject
Project("{FAE04EC0-301F-11D3-BF4B-00C04F79EFBC}") = "SimpleUdp.Client", "samples\SimpleUdp.Client\SimpleUdp.Client.csproj", "{9B0F8CC8-8E5B-4E33-BCFB-68A7A242BF1F}"
EndProject
Project("{FAE04EC0-301F-11D3-BF4B-00C04F79EFBC}") = "SimpleUdp.Contracts", "samples\SimpleUdp.Contracts\SimpleUdp.Contracts.csproj", "{ADCC88D0-B97B-4632-8496-DDDDF83BFBAE}"
EndProject
Project("{FAE04EC0-301F-11D3-BF4B-00C04F79EFBC}") = "SimpleUdp.Server", "samples\SimpleUdp.Server\SimpleUdp.Server.csproj", "{0A0AD660-8E1B-4CA5-A653-B52A901539D1}"
EndProject
Global
	GlobalSection(SolutionConfigurationPlatforms) = preSolution
		Debug|Any CPU = Debug|Any CPU
		Debug|x64 = Debug|x64
		Debug|x86 = Debug|x86
		Release|Any CPU = Release|Any CPU
		Release|x64 = Release|x64
		Release|x86 = Release|x86
	EndGlobalSection
	GlobalSection(SolutionProperties) = preSolution
		HideSolutionNode = FALSE
	EndGlobalSection
	GlobalSection(ProjectConfigurationPlatforms) = postSolution
		{607F1DF5-EB31-4DBB-A37E-E56196AA46FD}.Debug|Any CPU.ActiveCfg = Debug|Any CPU
		{607F1DF5-EB31-4DBB-A37E-E56196AA46FD}.Debug|Any CPU.Build.0 = Debug|Any CPU
		{607F1DF5-EB31-4DBB-A37E-E56196AA46FD}.Debug|x64.ActiveCfg = Debug|Any CPU
		{607F1DF5-EB31-4DBB-A37E-E56196AA46FD}.Debug|x64.Build.0 = Debug|Any CPU
		{607F1DF5-EB31-4DBB-A37E-E56196AA46FD}.Debug|x86.ActiveCfg = Debug|Any CPU
		{607F1DF5-EB31-4DBB-A37E-E56196AA46FD}.Debug|x86.Build.0 = Debug|Any CPU
		{607F1DF5-EB31-4DBB-A37E-E56196AA46FD}.Release|Any CPU.ActiveCfg = Release|Any CPU
		{607F1DF5-EB31-4DBB-A37E-E56196AA46FD}.Release|Any CPU.Build.0 = Release|Any CPU
		{607F1DF5-EB31-4DBB-A37E-E56196AA46FD}.Release|x64.ActiveCfg = Release|Any CPU
		{607F1DF5-EB31-4DBB-A37E-E56196AA46FD}.Release|x64.Build.0 = Release|Any CPU
		{607F1DF5-EB31-4DBB-A37E-E56196AA46FD}.Release|x86.ActiveCfg = Release|Any CPU
		{607F1DF5-EB31-4DBB-A37E-E56196AA46FD}.Release|x86.Build.0 = Release|Any CPU
		{752BF5BF-967D-4E61-87F1-86DB6E74B314}.Debug|Any CPU.ActiveCfg = Debug|Any CPU
		{752BF5BF-967D-4E61-87F1-86DB6E74B314}.Debug|Any CPU.Build.0 = Debug|Any CPU
		{752BF5BF-967D-4E61-87F1-86DB6E74B314}.Debug|x64.ActiveCfg = Debug|Any CPU
		{752BF5BF-967D-4E61-87F1-86DB6E74B314}.Debug|x64.Build.0 = Debug|Any CPU
		{752BF5BF-967D-4E61-87F1-86DB6E74B314}.Debug|x86.ActiveCfg = Debug|Any CPU
		{752BF5BF-967D-4E61-87F1-86DB6E74B314}.Debug|x86.Build.0 = Debug|Any CPU
		{752BF5BF-967D-4E61-87F1-86DB6E74B314}.Release|Any CPU.ActiveCfg = Release|Any CPU
		{752BF5BF-967D-4E61-87F1-86DB6E74B314}.Release|Any CPU.Build.0 = Release|Any CPU
		{752BF5BF-967D-4E61-87F1-86DB6E74B314}.Release|x64.ActiveCfg = Release|Any CPU
		{752BF5BF-967D-4E61-87F1-86DB6E74B314}.Release|x64.Build.0 = Release|Any CPU
		{752BF5BF-967D-4E61-87F1-86DB6E74B314}.Release|x86.ActiveCfg = Release|Any CPU
		{752BF5BF-967D-4E61-87F1-86DB6E74B314}.Release|x86.Build.0 = Release|Any CPU
		{D0D574D8-FC8D-4D98-B086-EEC083246274}.Debug|Any CPU.ActiveCfg = Debug|Any CPU
		{D0D574D8-FC8D-4D98-B086-EEC083246274}.Debug|Any CPU.Build.0 = Debug|Any CPU
		{D0D574D8-FC8D-4D98-B086-EEC083246274}.Debug|x64.ActiveCfg = Debug|Any CPU
		{D0D574D8-FC8D-4D98-B086-EEC083246274}.Debug|x64.Build.0 = Debug|Any CPU
		{D0D574D8-FC8D-4D98-B086-EEC083246274}.Debug|x86.ActiveCfg = Debug|Any CPU
		{D0D574D8-FC8D-4D98-B086-EEC083246274}.Debug|x86.Build.0 = Debug|Any CPU
		{D0D574D8-FC8D-4D98-B086-EEC083246274}.Release|Any CPU.ActiveCfg = Release|Any CPU
		{D0D574D8-FC8D-4D98-B086-EEC083246274}.Release|Any CPU.Build.0 = Release|Any CPU
		{D0D574D8-FC8D-4D98-B086-EEC083246274}.Release|x64.ActiveCfg = Release|Any CPU
		{D0D574D8-FC8D-4D98-B086-EEC083246274}.Release|x64.Build.0 = Release|Any CPU
		{D0D574D8-FC8D-4D98-B086-EEC083246274}.Release|x86.ActiveCfg = Release|Any CPU
		{D0D574D8-FC8D-4D98-B086-EEC083246274}.Release|x86.Build.0 = Release|Any CPU
		{F921E8B4-3A94-4D46-B52A-054E8C79F8A1}.Debug|Any CPU.ActiveCfg = Debug|Any CPU
		{F921E8B4-3A94-4D46-B52A-054E8C79F8A1}.Debug|Any CPU.Build.0 = Debug|Any CPU
		{F921E8B4-3A94-4D46-B52A-054E8C79F8A1}.Debug|x64.ActiveCfg = Debug|Any CPU
		{F921E8B4-3A94-4D46-B52A-054E8C79F8A1}.Debug|x64.Build.0 = Debug|Any CPU
		{F921E8B4-3A94-4D46-B52A-054E8C79F8A1}.Debug|x86.ActiveCfg = Debug|Any CPU
		{F921E8B4-3A94-4D46-B52A-054E8C79F8A1}.Debug|x86.Build.0 = Debug|Any CPU
		{F921E8B4-3A94-4D46-B52A-054E8C79F8A1}.Release|Any CPU.ActiveCfg = Release|Any CPU
		{F921E8B4-3A94-4D46-B52A-054E8C79F8A1}.Release|Any CPU.Build.0 = Release|Any CPU
		{F921E8B4-3A94-4D46-B52A-054E8C79F8A1}.Release|x64.ActiveCfg = Release|Any CPU
		{F921E8B4-3A94-4D46-B52A-054E8C79F8A1}.Release|x64.Build.0 = Release|Any CPU
		{F921E8B4-3A94-4D46-B52A-054E8C79F8A1}.Release|x86.ActiveCfg = Release|Any CPU
		{F921E8B4-3A94-4D46-B52A-054E8C79F8A1}.Release|x86.Build.0 = Release|Any CPU
		{C1495181-EAEF-4128-9237-61FF7FF9C272}.Debug|Any CPU.ActiveCfg = Debug|Any CPU
		{C1495181-EAEF-4128-9237-61FF7FF9C272}.Debug|Any CPU.Build.0 = Debug|Any CPU
		{C1495181-EAEF-4128-9237-61FF7FF9C272}.Debug|x64.ActiveCfg = Debug|Any CPU
		{C1495181-EAEF-4128-9237-61FF7FF9C272}.Debug|x64.Build.0 = Debug|Any CPU
		{C1495181-EAEF-4128-9237-61FF7FF9C272}.Debug|x86.ActiveCfg = Debug|Any CPU
		{C1495181-EAEF-4128-9237-61FF7FF9C272}.Debug|x86.Build.0 = Debug|Any CPU
		{C1495181-EAEF-4128-9237-61FF7FF9C272}.Release|Any CPU.ActiveCfg = Release|Any CPU
		{C1495181-EAEF-4128-9237-61FF7FF9C272}.Release|Any CPU.Build.0 = Release|Any CPU
		{C1495181-EAEF-4128-9237-61FF7FF9C272}.Release|x64.ActiveCfg = Release|Any CPU
		{C1495181-EAEF-4128-9237-61FF7FF9C272}.Release|x64.Build.0 = Release|Any CPU
		{C1495181-EAEF-4128-9237-61FF7FF9C272}.Release|x86.ActiveCfg = Release|Any CPU
		{C1495181-EAEF-4128-9237-61FF7FF9C272}.Release|x86.Build.0 = Release|Any CPU
		{868B350A-7B9D-405D-9FB0-676A92BE02F6}.Debug|Any CPU.ActiveCfg = Debug|Any CPU
		{868B350A-7B9D-405D-9FB0-676A92BE02F6}.Debug|Any CPU.Build.0 = Debug|Any CPU
		{868B350A-7B9D-405D-9FB0-676A92BE02F6}.Debug|x64.ActiveCfg = Debug|Any CPU
		{868B350A-7B9D-405D-9FB0-676A92BE02F6}.Debug|x64.Build.0 = Debug|Any CPU
		{868B350A-7B9D-405D-9FB0-676A92BE02F6}.Debug|x86.ActiveCfg = Debug|Any CPU
		{868B350A-7B9D-405D-9FB0-676A92BE02F6}.Debug|x86.Build.0 = Debug|Any CPU
		{868B350A-7B9D-405D-9FB0-676A92BE02F6}.Release|Any CPU.ActiveCfg = Release|Any CPU
		{868B350A-7B9D-405D-9FB0-676A92BE02F6}.Release|Any CPU.Build.0 = Release|Any CPU
		{868B350A-7B9D-405D-9FB0-676A92BE02F6}.Release|x64.ActiveCfg = Release|Any CPU
		{868B350A-7B9D-405D-9FB0-676A92BE02F6}.Release|x64.Build.0 = Release|Any CPU
		{868B350A-7B9D-405D-9FB0-676A92BE02F6}.Release|x86.ActiveCfg = Release|Any CPU
		{868B350A-7B9D-405D-9FB0-676A92BE02F6}.Release|x86.Build.0 = Release|Any CPU
		{9B0F8CC8-8E5B-4E33-BCFB-68A7A242BF1F}.Debug|Any CPU.ActiveCfg = Debug|Any CPU
		{9B0F8CC8-8E5B-4E33-BCFB-68A7A242BF1F}.Debug|Any CPU.Build.0 = Debug|Any CPU
		{9B0F8CC8-8E5B-4E33-BCFB-68A7A242BF1F}.Debug|x64.ActiveCfg = Debug|Any CPU
		{9B0F8CC8-8E5B-4E33-BCFB-68A7A242BF1F}.Debug|x64.Build.0 = Debug|Any CPU
		{9B0F8CC8-8E5B-4E33-BCFB-68A7A242BF1F}.Debug|x86.ActiveCfg = Debug|Any CPU
		{9B0F8CC8-8E5B-4E33-BCFB-68A7A242BF1F}.Debug|x86.Build.0 = Debug|Any CPU
		{9B0F8CC8-8E5B-4E33-BCFB-68A7A242BF1F}.Release|Any CPU.ActiveCfg = Release|Any CPU
		{9B0F8CC8-8E5B-4E33-BCFB-68A7A242BF1F}.Release|Any CPU.Build.0 = Release|Any CPU
		{9B0F8CC8-8E5B-4E33-BCFB-68A7A242BF1F}.Release|x64.ActiveCfg = Release|Any CPU
		{9B0F8CC8-8E5B-4E33-BCFB-68A7A242BF1F}.Release|x64.Build.0 = Release|Any CPU
		{9B0F8CC8-8E5B-4E33-BCFB-68A7A242BF1F}.Release|x86.ActiveCfg = Release|Any CPU
		{9B0F8CC8-8E5B-4E33-BCFB-68A7A242BF1F}.Release|x86.Build.0 = Release|Any CPU
		{ADCC88D0-B97B-4632-8496-DDDDF83BFBAE}.Debug|Any CPU.ActiveCfg = Debug|Any CPU
		{ADCC88D0-B97B-4632-8496-DDDDF83BFBAE}.Debug|Any CPU.Build.0 = Debug|Any CPU
		{ADCC88D0-B97B-4632-8496-DDDDF83BFBAE}.Debug|x64.ActiveCfg = Debug|Any CPU
		{ADCC88D0-B97B-4632-8496-DDDDF83BFBAE}.Debug|x64.Build.0 = Debug|Any CPU
		{ADCC88D0-B97B-4632-8496-DDDDF83BFBAE}.Debug|x86.ActiveCfg = Debug|Any CPU
		{ADCC88D0-B97B-4632-8496-DDDDF83BFBAE}.Debug|x86.Build.0 = Debug|Any CPU
		{ADCC88D0-B97B-4632-8496-DDDDF83BFBAE}.Release|Any CPU.ActiveCfg = Release|Any CPU
		{ADCC88D0-B97B-4632-8496-DDDDF83BFBAE}.Release|Any CPU.Build.0 = Release|Any CPU
		{ADCC88D0-B97B-4632-8496-DDDDF83BFBAE}.Release|x64.ActiveCfg = Release|Any CPU
		{ADCC88D0-B97B-4632-8496-DDDDF83BFBAE}.Release|x64.Build.0 = Release|Any CPU
		{ADCC88D0-B97B-4632-8496-DDDDF83BFBAE}.Release|x86.ActiveCfg = Release|Any CPU
		{ADCC88D0-B97B-4632-8496-DDDDF83BFBAE}.Release|x86.Build.0 = Release|Any CPU
		{0A0AD660-8E1B-4CA5-A653-B52A901539D1}.Debug|Any CPU.ActiveCfg = Debug|Any CPU
		{0A0AD660-8E1B-4CA5-A653-B52A901539D1}.Debug|Any CPU.Build.0 = Debug|Any CPU
		{0A0AD660-8E1B-4CA5-A653-B52A901539D1}.Debug|x64.ActiveCfg = Debug|Any CPU
		{0A0AD660-8E1B-4CA5-A653-B52A901539D1}.Debug|x64.Build.0 = Debug|Any CPU
		{0A0AD660-8E1B-4CA5-A653-B52A901539D1}.Debug|x86.ActiveCfg = Debug|Any CPU
		{0A0AD660-8E1B-4CA5-A653-B52A901539D1}.Debug|x86.Build.0 = Debug|Any CPU
		{0A0AD660-8E1B-4CA5-A653-B52A901539D1}.Release|Any CPU.ActiveCfg = Release|Any CPU
		{0A0AD660-8E1B-4CA5-A653-B52A901539D1}.Release|Any CPU.Build.0 = Release|Any CPU
		{0A0AD660-8E1B-4CA5-A653-B52A901539D1}.Release|x64.ActiveCfg = Release|Any CPU
		{0A0AD660-8E1B-4CA5-A653-B52A901539D1}.Release|x64.Build.0 = Release|Any CPU
		{0A0AD660-8E1B-4CA5-A653-B52A901539D1}.Release|x86.ActiveCfg = Release|Any CPU
		{0A0AD660-8E1B-4CA5-A653-B52A901539D1}.Release|x86.Build.0 = Release|Any CPU
	EndGlobalSection
	GlobalSection(NestedProjects) = preSolution
		{607F1DF5-EB31-4DBB-A37E-E56196AA46FD} = {50586A5F-8F0B-4EFD-A5A1-34F1376AA275}
		{752BF5BF-967D-4E61-87F1-86DB6E74B314} = {921AC21E-2569-49FC-8196-974BB4C31281}
		{D0D574D8-FC8D-4D98-B086-EEC083246274} = {921AC21E-2569-49FC-8196-974BB4C31281}
		{F921E8B4-3A94-4D46-B52A-054E8C79F8A1} = {921AC21E-2569-49FC-8196-974BB4C31281}
		{C1495181-EAEF-4128-9237-61FF7FF9C272} = {921AC21E-2569-49FC-8196-974BB4C31281}
		{868B350A-7B9D-405D-9FB0-676A92BE02F6} = {921AC21E-2569-49FC-8196-974BB4C31281}
		{9B0F8CC8-8E5B-4E33-BCFB-68A7A242BF1F} = {E11E0D08-FBA0-4348-808C-ABB7B8335427}
		{ADCC88D0-B97B-4632-8496-DDDDF83BFBAE} = {E11E0D08-FBA0-4348-808C-ABB7B8335427}
		{0A0AD660-8E1B-4CA5-A653-B52A901539D1} = {E11E0D08-FBA0-4348-808C-ABB7B8335427}
	EndGlobalSection
EndGlobal
