
Microsoft Visual Studio Solution File, Format Version 12.00
# Visual Studio 15
VisualStudioVersion = 15.0.26124.0
MinimumVisualStudioVersion = 15.0.26124.0
Project("{FAE04EC0-301F-11D3-BF4B-00C04F79EFBC}") = "UdpToolkit.Core", "UdpToolkit.Core\UdpToolkit.Core.csproj", "{45C25F10-B295-4A47-AC68-9ACE994C3703}"
EndProject
Project("{2150E333-8FDC-42A3-9474-1A3956D46DE8}") = "src", "src", "{9CB596D0-FEFE-4FE5-A393-3C8ED87CFE6D}"
EndProject
Project("{2150E333-8FDC-42A3-9474-1A3956D46DE8}") = "tests", "tests", "{4338F1FC-280B-4CF6-BC13-2C78C79772BD}"
EndProject
Project("{FAE04EC0-301F-11D3-BF4B-00C04F79EFBC}") = "UdpToolkit.Framework", "UdpToolkit.Framework\UdpToolkit.Framework.csproj", "{7C841D94-074C-48A9-A2A4-032CD9C12A77}"
EndProject
Project("{FAE04EC0-301F-11D3-BF4B-00C04F79EFBC}") = "UdpToolkit.Tests", "..\tests\UdpToolkit.Tests\UdpToolkit.Tests.csproj", "{BDEDEFC3-6632-4AD3-BE91-ABC2EA99413E}"
EndProject
Project("{FAE04EC0-301F-11D3-BF4B-00C04F79EFBC}") = "UdpToolkit.Network", "UdpToolkit.Network\UdpToolkit.Network.csproj", "{5B2BDA28-01CF-4BA4-8598-DA2909501B39}"
EndProject
Project("{2150E333-8FDC-42A3-9474-1A3956D46DE8}") = "samples", "samples", "{ECB457B7-541B-4F7B-BA71-6579BAB962DB}"
EndProject
Project("{FAE04EC0-301F-11D3-BF4B-00C04F79EFBC}") = "SimpleUdp.Client", "..\samples\SimpleUdp.Client\SimpleUdp.Client.csproj", "{69C5FA7F-51C2-4DF4-BC59-7DBA19303C07}"
EndProject
Project("{FAE04EC0-301F-11D3-BF4B-00C04F79EFBC}") = "SimpleUdp.Contracts", "..\samples\SimpleUdp.Contracts\SimpleUdp.Contracts.csproj", "{1333D536-3371-42DC-94AC-57B7A4B5BE49}"
EndProject
Project("{FAE04EC0-301F-11D3-BF4B-00C04F79EFBC}") = "SimpleUdp.Server", "..\samples\SimpleUdp.Server\SimpleUdp.Server.csproj", "{791F0CEE-6E10-41F9-92A3-D57C89E9F30A}"
EndProject
Project("{FAE04EC0-301F-11D3-BF4B-00C04F79EFBC}") = "UdpToolkit.Serialization.MsgPack", "UdpToolkit.Serialization.MsgPack\UdpToolkit.Serialization.MsgPack.csproj", "{9669B903-2C3E-49FC-9B9E-C938E220DA11}"
EndProject
Project("{FAE04EC0-301F-11D3-BF4B-00C04F79EFBC}") = "UdpToolkit.Annotations", "UdpToolkit.Annotations\UdpToolkit.Annotations.csproj", "{E1C4AA1D-FF2C-4548-AABF-1B4339906255}"
EndProject
Global
	GlobalSection(SolutionConfigurationPlatforms) = preSolution
		Debug|Any CPU = Debug|Any CPU
		Debug|x64 = Debug|x64
		Debug|x86 = Debug|x86
		Release|Any CPU = Release|Any CPU
		Release|x64 = Release|x64
		Release|x86 = Release|x86
	EndGlobalSection
	GlobalSection(SolutionProperties) = preSolution
		HideSolutionNode = FALSE
	EndGlobalSection
	GlobalSection(ProjectConfigurationPlatforms) = postSolution
		{45C25F10-B295-4A47-AC68-9ACE994C3703}.Debug|Any CPU.ActiveCfg = Debug|Any CPU
		{45C25F10-B295-4A47-AC68-9ACE994C3703}.Debug|Any CPU.Build.0 = Debug|Any CPU
		{45C25F10-B295-4A47-AC68-9ACE994C3703}.Debug|x64.ActiveCfg = Debug|Any CPU
		{45C25F10-B295-4A47-AC68-9ACE994C3703}.Debug|x64.Build.0 = Debug|Any CPU
		{45C25F10-B295-4A47-AC68-9ACE994C3703}.Debug|x86.ActiveCfg = Debug|Any CPU
		{45C25F10-B295-4A47-AC68-9ACE994C3703}.Debug|x86.Build.0 = Debug|Any CPU
		{45C25F10-B295-4A47-AC68-9ACE994C3703}.Release|Any CPU.ActiveCfg = Release|Any CPU
		{45C25F10-B295-4A47-AC68-9ACE994C3703}.Release|Any CPU.Build.0 = Release|Any CPU
		{45C25F10-B295-4A47-AC68-9ACE994C3703}.Release|x64.ActiveCfg = Release|Any CPU
		{45C25F10-B295-4A47-AC68-9ACE994C3703}.Release|x64.Build.0 = Release|Any CPU
		{45C25F10-B295-4A47-AC68-9ACE994C3703}.Release|x86.ActiveCfg = Release|Any CPU
		{45C25F10-B295-4A47-AC68-9ACE994C3703}.Release|x86.Build.0 = Release|Any CPU
		{7C841D94-074C-48A9-A2A4-032CD9C12A77}.Debug|Any CPU.ActiveCfg = Debug|Any CPU
		{7C841D94-074C-48A9-A2A4-032CD9C12A77}.Debug|Any CPU.Build.0 = Debug|Any CPU
		{7C841D94-074C-48A9-A2A4-032CD9C12A77}.Debug|x64.ActiveCfg = Debug|Any CPU
		{7C841D94-074C-48A9-A2A4-032CD9C12A77}.Debug|x64.Build.0 = Debug|Any CPU
		{7C841D94-074C-48A9-A2A4-032CD9C12A77}.Debug|x86.ActiveCfg = Debug|Any CPU
		{7C841D94-074C-48A9-A2A4-032CD9C12A77}.Debug|x86.Build.0 = Debug|Any CPU
		{7C841D94-074C-48A9-A2A4-032CD9C12A77}.Release|Any CPU.ActiveCfg = Release|Any CPU
		{7C841D94-074C-48A9-A2A4-032CD9C12A77}.Release|Any CPU.Build.0 = Release|Any CPU
		{7C841D94-074C-48A9-A2A4-032CD9C12A77}.Release|x64.ActiveCfg = Release|Any CPU
		{7C841D94-074C-48A9-A2A4-032CD9C12A77}.Release|x64.Build.0 = Release|Any CPU
		{7C841D94-074C-48A9-A2A4-032CD9C12A77}.Release|x86.ActiveCfg = Release|Any CPU
		{7C841D94-074C-48A9-A2A4-032CD9C12A77}.Release|x86.Build.0 = Release|Any CPU
		{BDEDEFC3-6632-4AD3-BE91-ABC2EA99413E}.Debug|Any CPU.ActiveCfg = Debug|Any CPU
		{BDEDEFC3-6632-4AD3-BE91-ABC2EA99413E}.Debug|Any CPU.Build.0 = Debug|Any CPU
		{BDEDEFC3-6632-4AD3-BE91-ABC2EA99413E}.Debug|x64.ActiveCfg = Debug|Any CPU
		{BDEDEFC3-6632-4AD3-BE91-ABC2EA99413E}.Debug|x64.Build.0 = Debug|Any CPU
		{BDEDEFC3-6632-4AD3-BE91-ABC2EA99413E}.Debug|x86.ActiveCfg = Debug|Any CPU
		{BDEDEFC3-6632-4AD3-BE91-ABC2EA99413E}.Debug|x86.Build.0 = Debug|Any CPU
		{BDEDEFC3-6632-4AD3-BE91-ABC2EA99413E}.Release|Any CPU.ActiveCfg = Release|Any CPU
		{BDEDEFC3-6632-4AD3-BE91-ABC2EA99413E}.Release|Any CPU.Build.0 = Release|Any CPU
		{BDEDEFC3-6632-4AD3-BE91-ABC2EA99413E}.Release|x64.ActiveCfg = Release|Any CPU
		{BDEDEFC3-6632-4AD3-BE91-ABC2EA99413E}.Release|x64.Build.0 = Release|Any CPU
		{BDEDEFC3-6632-4AD3-BE91-ABC2EA99413E}.Release|x86.ActiveCfg = Release|Any CPU
		{BDEDEFC3-6632-4AD3-BE91-ABC2EA99413E}.Release|x86.Build.0 = Release|Any CPU
		{5B2BDA28-01CF-4BA4-8598-DA2909501B39}.Debug|Any CPU.ActiveCfg = Debug|Any CPU
		{5B2BDA28-01CF-4BA4-8598-DA2909501B39}.Debug|Any CPU.Build.0 = Debug|Any CPU
		{5B2BDA28-01CF-4BA4-8598-DA2909501B39}.Debug|x64.ActiveCfg = Debug|Any CPU
		{5B2BDA28-01CF-4BA4-8598-DA2909501B39}.Debug|x64.Build.0 = Debug|Any CPU
		{5B2BDA28-01CF-4BA4-8598-DA2909501B39}.Debug|x86.ActiveCfg = Debug|Any CPU
		{5B2BDA28-01CF-4BA4-8598-DA2909501B39}.Debug|x86.Build.0 = Debug|Any CPU
		{5B2BDA28-01CF-4BA4-8598-DA2909501B39}.Release|Any CPU.ActiveCfg = Release|Any CPU
		{5B2BDA28-01CF-4BA4-8598-DA2909501B39}.Release|Any CPU.Build.0 = Release|Any CPU
		{5B2BDA28-01CF-4BA4-8598-DA2909501B39}.Release|x64.ActiveCfg = Release|Any CPU
		{5B2BDA28-01CF-4BA4-8598-DA2909501B39}.Release|x64.Build.0 = Release|Any CPU
		{5B2BDA28-01CF-4BA4-8598-DA2909501B39}.Release|x86.ActiveCfg = Release|Any CPU
		{5B2BDA28-01CF-4BA4-8598-DA2909501B39}.Release|x86.Build.0 = Release|Any CPU
		{69C5FA7F-51C2-4DF4-BC59-7DBA19303C07}.Debug|Any CPU.ActiveCfg = Debug|Any CPU
		{69C5FA7F-51C2-4DF4-BC59-7DBA19303C07}.Debug|Any CPU.Build.0 = Debug|Any CPU
		{69C5FA7F-51C2-4DF4-BC59-7DBA19303C07}.Debug|x64.ActiveCfg = Debug|Any CPU
		{69C5FA7F-51C2-4DF4-BC59-7DBA19303C07}.Debug|x64.Build.0 = Debug|Any CPU
		{69C5FA7F-51C2-4DF4-BC59-7DBA19303C07}.Debug|x86.ActiveCfg = Debug|Any CPU
		{69C5FA7F-51C2-4DF4-BC59-7DBA19303C07}.Debug|x86.Build.0 = Debug|Any CPU
		{69C5FA7F-51C2-4DF4-BC59-7DBA19303C07}.Release|Any CPU.ActiveCfg = Release|Any CPU
		{69C5FA7F-51C2-4DF4-BC59-7DBA19303C07}.Release|Any CPU.Build.0 = Release|Any CPU
		{69C5FA7F-51C2-4DF4-BC59-7DBA19303C07}.Release|x64.ActiveCfg = Release|Any CPU
		{69C5FA7F-51C2-4DF4-BC59-7DBA19303C07}.Release|x64.Build.0 = Release|Any CPU
		{69C5FA7F-51C2-4DF4-BC59-7DBA19303C07}.Release|x86.ActiveCfg = Release|Any CPU
		{69C5FA7F-51C2-4DF4-BC59-7DBA19303C07}.Release|x86.Build.0 = Release|Any CPU
		{1333D536-3371-42DC-94AC-57B7A4B5BE49}.Debug|Any CPU.ActiveCfg = Debug|Any CPU
		{1333D536-3371-42DC-94AC-57B7A4B5BE49}.Debug|Any CPU.Build.0 = Debug|Any CPU
		{1333D536-3371-42DC-94AC-57B7A4B5BE49}.Debug|x64.ActiveCfg = Debug|Any CPU
		{1333D536-3371-42DC-94AC-57B7A4B5BE49}.Debug|x64.Build.0 = Debug|Any CPU
		{1333D536-3371-42DC-94AC-57B7A4B5BE49}.Debug|x86.ActiveCfg = Debug|Any CPU
		{1333D536-3371-42DC-94AC-57B7A4B5BE49}.Debug|x86.Build.0 = Debug|Any CPU
		{1333D536-3371-42DC-94AC-57B7A4B5BE49}.Release|Any CPU.ActiveCfg = Release|Any CPU
		{1333D536-3371-42DC-94AC-57B7A4B5BE49}.Release|Any CPU.Build.0 = Release|Any CPU
		{1333D536-3371-42DC-94AC-57B7A4B5BE49}.Release|x64.ActiveCfg = Release|Any CPU
		{1333D536-3371-42DC-94AC-57B7A4B5BE49}.Release|x64.Build.0 = Release|Any CPU
		{1333D536-3371-42DC-94AC-57B7A4B5BE49}.Release|x86.ActiveCfg = Release|Any CPU
		{1333D536-3371-42DC-94AC-57B7A4B5BE49}.Release|x86.Build.0 = Release|Any CPU
		{791F0CEE-6E10-41F9-92A3-D57C89E9F30A}.Debug|Any CPU.ActiveCfg = Debug|Any CPU
		{791F0CEE-6E10-41F9-92A3-D57C89E9F30A}.Debug|Any CPU.Build.0 = Debug|Any CPU
		{791F0CEE-6E10-41F9-92A3-D57C89E9F30A}.Debug|x64.ActiveCfg = Debug|Any CPU
		{791F0CEE-6E10-41F9-92A3-D57C89E9F30A}.Debug|x64.Build.0 = Debug|Any CPU
		{791F0CEE-6E10-41F9-92A3-D57C89E9F30A}.Debug|x86.ActiveCfg = Debug|Any CPU
		{791F0CEE-6E10-41F9-92A3-D57C89E9F30A}.Debug|x86.Build.0 = Debug|Any CPU
		{791F0CEE-6E10-41F9-92A3-D57C89E9F30A}.Release|Any CPU.ActiveCfg = Release|Any CPU
		{791F0CEE-6E10-41F9-92A3-D57C89E9F30A}.Release|Any CPU.Build.0 = Release|Any CPU
		{791F0CEE-6E10-41F9-92A3-D57C89E9F30A}.Release|x64.ActiveCfg = Release|Any CPU
		{791F0CEE-6E10-41F9-92A3-D57C89E9F30A}.Release|x64.Build.0 = Release|Any CPU
		{791F0CEE-6E10-41F9-92A3-D57C89E9F30A}.Release|x86.ActiveCfg = Release|Any CPU
		{791F0CEE-6E10-41F9-92A3-D57C89E9F30A}.Release|x86.Build.0 = Release|Any CPU
		{9669B903-2C3E-49FC-9B9E-C938E220DA11}.Debug|Any CPU.ActiveCfg = Debug|Any CPU
		{9669B903-2C3E-49FC-9B9E-C938E220DA11}.Debug|Any CPU.Build.0 = Debug|Any CPU
		{9669B903-2C3E-49FC-9B9E-C938E220DA11}.Debug|x64.ActiveCfg = Debug|Any CPU
		{9669B903-2C3E-49FC-9B9E-C938E220DA11}.Debug|x64.Build.0 = Debug|Any CPU
		{9669B903-2C3E-49FC-9B9E-C938E220DA11}.Debug|x86.ActiveCfg = Debug|Any CPU
		{9669B903-2C3E-49FC-9B9E-C938E220DA11}.Debug|x86.Build.0 = Debug|Any CPU
		{9669B903-2C3E-49FC-9B9E-C938E220DA11}.Release|Any CPU.ActiveCfg = Release|Any CPU
		{9669B903-2C3E-49FC-9B9E-C938E220DA11}.Release|Any CPU.Build.0 = Release|Any CPU
		{9669B903-2C3E-49FC-9B9E-C938E220DA11}.Release|x64.ActiveCfg = Release|Any CPU
		{9669B903-2C3E-49FC-9B9E-C938E220DA11}.Release|x64.Build.0 = Release|Any CPU
		{9669B903-2C3E-49FC-9B9E-C938E220DA11}.Release|x86.ActiveCfg = Release|Any CPU
		{9669B903-2C3E-49FC-9B9E-C938E220DA11}.Release|x86.Build.0 = Release|Any CPU
		{E1C4AA1D-FF2C-4548-AABF-1B4339906255}.Debug|Any CPU.ActiveCfg = Debug|Any CPU
		{E1C4AA1D-FF2C-4548-AABF-1B4339906255}.Debug|Any CPU.Build.0 = Debug|Any CPU
		{E1C4AA1D-FF2C-4548-AABF-1B4339906255}.Debug|x64.ActiveCfg = Debug|Any CPU
		{E1C4AA1D-FF2C-4548-AABF-1B4339906255}.Debug|x64.Build.0 = Debug|Any CPU
		{E1C4AA1D-FF2C-4548-AABF-1B4339906255}.Debug|x86.ActiveCfg = Debug|Any CPU
		{E1C4AA1D-FF2C-4548-AABF-1B4339906255}.Debug|x86.Build.0 = Debug|Any CPU
		{E1C4AA1D-FF2C-4548-AABF-1B4339906255}.Release|Any CPU.ActiveCfg = Release|Any CPU
		{E1C4AA1D-FF2C-4548-AABF-1B4339906255}.Release|Any CPU.Build.0 = Release|Any CPU
		{E1C4AA1D-FF2C-4548-AABF-1B4339906255}.Release|x64.ActiveCfg = Release|Any CPU
		{E1C4AA1D-FF2C-4548-AABF-1B4339906255}.Release|x64.Build.0 = Release|Any CPU
		{E1C4AA1D-FF2C-4548-AABF-1B4339906255}.Release|x86.ActiveCfg = Release|Any CPU
		{E1C4AA1D-FF2C-4548-AABF-1B4339906255}.Release|x86.Build.0 = Release|Any CPU
	EndGlobalSection
	GlobalSection(NestedProjects) = preSolution
		{45C25F10-B295-4A47-AC68-9ACE994C3703} = {9CB596D0-FEFE-4FE5-A393-3C8ED87CFE6D}
		{7C841D94-074C-48A9-A2A4-032CD9C12A77} = {9CB596D0-FEFE-4FE5-A393-3C8ED87CFE6D}
		{BDEDEFC3-6632-4AD3-BE91-ABC2EA99413E} = {4338F1FC-280B-4CF6-BC13-2C78C79772BD}
		{5B2BDA28-01CF-4BA4-8598-DA2909501B39} = {9CB596D0-FEFE-4FE5-A393-3C8ED87CFE6D}
		{69C5FA7F-51C2-4DF4-BC59-7DBA19303C07} = {ECB457B7-541B-4F7B-BA71-6579BAB962DB}
		{1333D536-3371-42DC-94AC-57B7A4B5BE49} = {ECB457B7-541B-4F7B-BA71-6579BAB962DB}
		{791F0CEE-6E10-41F9-92A3-D57C89E9F30A} = {ECB457B7-541B-4F7B-BA71-6579BAB962DB}
		{9669B903-2C3E-49FC-9B9E-C938E220DA11} = {9CB596D0-FEFE-4FE5-A393-3C8ED87CFE6D}
		{E1C4AA1D-FF2C-4548-AABF-1B4339906255} = {9CB596D0-FEFE-4FE5-A393-3C8ED87CFE6D}
	EndGlobalSection
EndGlobal
